
Microsoft Visual Studio Solution File, Format Version 12.00
# Visual Studio Version 17
VisualStudioVersion = 17.3.32825.248
MinimumVisualStudioVersion = 10.0.40219.1
Project("{D954291E-2A0B-460D-934E-DC6B0785DB48}") = "Uno_App_Xam00.Shared", "Uno_App_Xam00\Uno_App_Xam00.Shared\Uno_App_Xam00.Shared.shproj", "{6279C845-92F8-4333-AB99-3D213163593C}"
EndProject
Project("{2150E333-8FDC-42A3-9474-1A3956D46DE8}") = "Platforms", "Platforms", "{E5F9DED9-0211-42FB-9AB4-988DAD8B1834}"
EndProject
Project("{FAE04EC0-301F-11D3-BF4B-00C04F79EFBC}") = "Uno_App_Xam00.Droid", "Uno_App_Xam00\Uno_App_Xam00.Droid\Uno_App_Xam00.Droid.csproj", "{EF4FB1BC-EE8D-45EE-ADE9-ED3044A2FAD2}"
EndProject
Project("{FAE04EC0-301F-11D3-BF4B-00C04F79EFBC}") = "Uno_App_Xam00.UWP", "Uno_App_Xam00\Uno_App_Xam00.UWP\Uno_App_Xam00.UWP.csproj", "{56145F2A-78CF-42A6-AAD7-6F3D666761A8}"
EndProject
Project("{FAE04EC0-301F-11D3-BF4B-00C04F79EFBC}") = "Uno_App_Xam00.Wasm", "Uno_App_Xam00\Uno_App_Xam00.Wasm\Uno_App_Xam00.Wasm.csproj", "{0C0E7C3D-B2FE-410E-A143-F77A6262FA58}"
EndProject
Project("{FAE04EC0-301F-11D3-BF4B-00C04F79EFBC}") = "Uno_App_Xam00.Skia.Wpf.Host", "Uno_App_Xam00\Uno_App_Xam00.Skia.Wpf.Host\Uno_App_Xam00.Skia.Wpf.Host.csproj", "{78939BCD-4887-42E5-AD54-DB8EE8DE5381}"
EndProject
Project("{FAE04EC0-301F-11D3-BF4B-00C04F79EFBC}") = "Uno_App_Xam00.Skia.Wpf", "Uno_App_Xam00\Uno_App_Xam00.Skia.Wpf\Uno_App_Xam00.Skia.Wpf.csproj", "{8733F595-85C7-42C0-854F-3CC1B4E47075}"
EndProject
Project("{FAE04EC0-301F-11D3-BF4B-00C04F79EFBC}") = "Uno_App_Xam00.Skia.Gtk", "Uno_App_Xam00\Uno_App_Xam00.Skia.Gtk\Uno_App_Xam00.Skia.Gtk.csproj", "{2E172B67-DB31-4209-A4BF-E49C2B4DC8A6}"
EndProject
Project("{FAE04EC0-301F-11D3-BF4B-00C04F79EFBC}") = "Uno_App_Xam00.Skia.Tizen", "Uno_App_Xam00\Uno_App_Xam00.Skia.Tizen\Uno_App_Xam00.Skia.Tizen.csproj", "{84873B42-13D3-4749-8B7E-45A24C32FCA7}"
EndProject
Global
	GlobalSection(SolutionConfigurationPlatforms) = preSolution
		Debug|Any CPU = Debug|Any CPU
		Debug|ARM = Debug|ARM
		Debug|ARM64 = Debug|ARM64
		Debug|x64 = Debug|x64
		Debug|x86 = Debug|x86
		Release|Any CPU = Release|Any CPU
		Release|ARM = Release|ARM
		Release|ARM64 = Release|ARM64
		Release|x64 = Release|x64
		Release|x86 = Release|x86
	EndGlobalSection
	GlobalSection(ProjectConfigurationPlatforms) = postSolution
		{EF4FB1BC-EE8D-45EE-ADE9-ED3044A2FAD2}.Debug|Any CPU.ActiveCfg = Debug|Any CPU
		{EF4FB1BC-EE8D-45EE-ADE9-ED3044A2FAD2}.Debug|Any CPU.Build.0 = Debug|Any CPU
		{EF4FB1BC-EE8D-45EE-ADE9-ED3044A2FAD2}.Debug|Any CPU.Deploy.0 = Debug|Any CPU
		{EF4FB1BC-EE8D-45EE-ADE9-ED3044A2FAD2}.Debug|ARM.ActiveCfg = Debug|Any CPU
		{EF4FB1BC-EE8D-45EE-ADE9-ED3044A2FAD2}.Debug|ARM.Build.0 = Debug|Any CPU
		{EF4FB1BC-EE8D-45EE-ADE9-ED3044A2FAD2}.Debug|ARM.Deploy.0 = Debug|Any CPU
		{EF4FB1BC-EE8D-45EE-ADE9-ED3044A2FAD2}.Debug|ARM64.ActiveCfg = Debug|Any CPU
		{EF4FB1BC-EE8D-45EE-ADE9-ED3044A2FAD2}.Debug|ARM64.Build.0 = Debug|Any CPU
		{EF4FB1BC-EE8D-45EE-ADE9-ED3044A2FAD2}.Debug|ARM64.Deploy.0 = Debug|Any CPU
		{EF4FB1BC-EE8D-45EE-ADE9-ED3044A2FAD2}.Debug|x64.ActiveCfg = Debug|Any CPU
		{EF4FB1BC-EE8D-45EE-ADE9-ED3044A2FAD2}.Debug|x64.Build.0 = Debug|Any CPU
		{EF4FB1BC-EE8D-45EE-ADE9-ED3044A2FAD2}.Debug|x64.Deploy.0 = Debug|Any CPU
		{EF4FB1BC-EE8D-45EE-ADE9-ED3044A2FAD2}.Debug|x86.ActiveCfg = Debug|Any CPU
		{EF4FB1BC-EE8D-45EE-ADE9-ED3044A2FAD2}.Debug|x86.Build.0 = Debug|Any CPU
		{EF4FB1BC-EE8D-45EE-ADE9-ED3044A2FAD2}.Debug|x86.Deploy.0 = Debug|Any CPU
		{EF4FB1BC-EE8D-45EE-ADE9-ED3044A2FAD2}.Release|Any CPU.ActiveCfg = Release|Any CPU
		{EF4FB1BC-EE8D-45EE-ADE9-ED3044A2FAD2}.Release|Any CPU.Build.0 = Release|Any CPU
		{EF4FB1BC-EE8D-45EE-ADE9-ED3044A2FAD2}.Release|Any CPU.Deploy.0 = Release|Any CPU
		{EF4FB1BC-EE8D-45EE-ADE9-ED3044A2FAD2}.Release|ARM.ActiveCfg = Release|Any CPU
		{EF4FB1BC-EE8D-45EE-ADE9-ED3044A2FAD2}.Release|ARM.Build.0 = Release|Any CPU
		{EF4FB1BC-EE8D-45EE-ADE9-ED3044A2FAD2}.Release|ARM.Deploy.0 = Release|Any CPU
		{EF4FB1BC-EE8D-45EE-ADE9-ED3044A2FAD2}.Release|ARM64.ActiveCfg = Release|Any CPU
		{EF4FB1BC-EE8D-45EE-ADE9-ED3044A2FAD2}.Release|ARM64.Build.0 = Release|Any CPU
		{EF4FB1BC-EE8D-45EE-ADE9-ED3044A2FAD2}.Release|ARM64.Deploy.0 = Release|Any CPU
		{EF4FB1BC-EE8D-45EE-ADE9-ED3044A2FAD2}.Release|x64.ActiveCfg = Release|Any CPU
		{EF4FB1BC-EE8D-45EE-ADE9-ED3044A2FAD2}.Release|x64.Build.0 = Release|Any CPU
		{EF4FB1BC-EE8D-45EE-ADE9-ED3044A2FAD2}.Release|x64.Deploy.0 = Release|Any CPU
		{EF4FB1BC-EE8D-45EE-ADE9-ED3044A2FAD2}.Release|x86.ActiveCfg = Release|Any CPU
		{EF4FB1BC-EE8D-45EE-ADE9-ED3044A2FAD2}.Release|x86.Build.0 = Release|Any CPU
		{EF4FB1BC-EE8D-45EE-ADE9-ED3044A2FAD2}.Release|x86.Deploy.0 = Release|Any CPU
		{56145F2A-78CF-42A6-AAD7-6F3D666761A8}.Debug|Any CPU.ActiveCfg = Debug|x64
		{56145F2A-78CF-42A6-AAD7-6F3D666761A8}.Debug|Any CPU.Build.0 = Debug|x64
		{56145F2A-78CF-42A6-AAD7-6F3D666761A8}.Debug|Any CPU.Deploy.0 = Debug|x64
		{56145F2A-78CF-42A6-AAD7-6F3D666761A8}.Debug|ARM.ActiveCfg = Debug|ARM
		{56145F2A-78CF-42A6-AAD7-6F3D666761A8}.Debug|ARM.Build.0 = Debug|ARM
		{56145F2A-78CF-42A6-AAD7-6F3D666761A8}.Debug|ARM.Deploy.0 = Debug|ARM
		{56145F2A-78CF-42A6-AAD7-6F3D666761A8}.Debug|ARM64.ActiveCfg = Debug|ARM64
		{56145F2A-78CF-42A6-AAD7-6F3D666761A8}.Debug|ARM64.Build.0 = Debug|ARM64
		{56145F2A-78CF-42A6-AAD7-6F3D666761A8}.Debug|ARM64.Deploy.0 = Debug|ARM64
		{56145F2A-78CF-42A6-AAD7-6F3D666761A8}.Debug|x64.ActiveCfg = Debug|x64
		{56145F2A-78CF-42A6-AAD7-6F3D666761A8}.Debug|x64.Build.0 = Debug|x64
		{56145F2A-78CF-42A6-AAD7-6F3D666761A8}.Debug|x64.Deploy.0 = Debug|x64
		{56145F2A-78CF-42A6-AAD7-6F3D666761A8}.Debug|x86.ActiveCfg = Debug|x86
		{56145F2A-78CF-42A6-AAD7-6F3D666761A8}.Debug|x86.Build.0 = Debug|x86
		{56145F2A-78CF-42A6-AAD7-6F3D666761A8}.Debug|x86.Deploy.0 = Debug|x86
		{56145F2A-78CF-42A6-AAD7-6F3D666761A8}.Release|Any CPU.ActiveCfg = Release|x64
		{56145F2A-78CF-42A6-AAD7-6F3D666761A8}.Release|Any CPU.Build.0 = Release|x64
		{56145F2A-78CF-42A6-AAD7-6F3D666761A8}.Release|Any CPU.Deploy.0 = Release|x64
		{56145F2A-78CF-42A6-AAD7-6F3D666761A8}.Release|ARM.ActiveCfg = Release|ARM
		{56145F2A-78CF-42A6-AAD7-6F3D666761A8}.Release|ARM.Build.0 = Release|ARM
		{56145F2A-78CF-42A6-AAD7-6F3D666761A8}.Release|ARM.Deploy.0 = Release|ARM
		{56145F2A-78CF-42A6-AAD7-6F3D666761A8}.Release|ARM64.ActiveCfg = Release|ARM64
		{56145F2A-78CF-42A6-AAD7-6F3D666761A8}.Release|ARM64.Build.0 = Release|ARM64
		{56145F2A-78CF-42A6-AAD7-6F3D666761A8}.Release|ARM64.Deploy.0 = Release|ARM64
		{56145F2A-78CF-42A6-AAD7-6F3D666761A8}.Release|x64.ActiveCfg = Release|x64
		{56145F2A-78CF-42A6-AAD7-6F3D666761A8}.Release|x64.Build.0 = Release|x64
		{56145F2A-78CF-42A6-AAD7-6F3D666761A8}.Release|x64.Deploy.0 = Release|x64
		{56145F2A-78CF-42A6-AAD7-6F3D666761A8}.Release|x86.ActiveCfg = Release|x86
		{56145F2A-78CF-42A6-AAD7-6F3D666761A8}.Release|x86.Build.0 = Release|x86
		{56145F2A-78CF-42A6-AAD7-6F3D666761A8}.Release|x86.Deploy.0 = Release|x86
		{0C0E7C3D-B2FE-410E-A143-F77A6262FA58}.Debug|Any CPU.ActiveCfg = Debug|Any CPU
		{0C0E7C3D-B2FE-410E-A143-F77A6262FA58}.Debug|Any CPU.Build.0 = Debug|Any CPU
		{0C0E7C3D-B2FE-410E-A143-F77A6262FA58}.Debug|ARM.ActiveCfg = Debug|Any CPU
		{0C0E7C3D-B2FE-410E-A143-F77A6262FA58}.Debug|ARM.Build.0 = Debug|Any CPU
		{0C0E7C3D-B2FE-410E-A143-F77A6262FA58}.Debug|ARM64.ActiveCfg = Debug|Any CPU
		{0C0E7C3D-B2FE-410E-A143-F77A6262FA58}.Debug|ARM64.Build.0 = Debug|Any CPU
		{0C0E7C3D-B2FE-410E-A143-F77A6262FA58}.Debug|x64.ActiveCfg = Debug|Any CPU
		{0C0E7C3D-B2FE-410E-A143-F77A6262FA58}.Debug|x64.Build.0 = Debug|Any CPU
		{0C0E7C3D-B2FE-410E-A143-F77A6262FA58}.Debug|x86.ActiveCfg = Debug|Any CPU
		{0C0E7C3D-B2FE-410E-A143-F77A6262FA58}.Debug|x86.Build.0 = Debug|Any CPU
		{0C0E7C3D-B2FE-410E-A143-F77A6262FA58}.Release|Any CPU.ActiveCfg = Release|Any CPU
		{0C0E7C3D-B2FE-410E-A143-F77A6262FA58}.Release|Any CPU.Build.0 = Release|Any CPU
		{0C0E7C3D-B2FE-410E-A143-F77A6262FA58}.Release|ARM.ActiveCfg = Release|Any CPU
		{0C0E7C3D-B2FE-410E-A143-F77A6262FA58}.Release|ARM.Build.0 = Release|Any CPU
		{0C0E7C3D-B2FE-410E-A143-F77A6262FA58}.Release|ARM64.ActiveCfg = Release|Any CPU
		{0C0E7C3D-B2FE-410E-A143-F77A6262FA58}.Release|ARM64.Build.0 = Release|Any CPU
		{0C0E7C3D-B2FE-410E-A143-F77A6262FA58}.Release|x64.ActiveCfg = Release|Any CPU
		{0C0E7C3D-B2FE-410E-A143-F77A6262FA58}.Release|x64.Build.0 = Release|Any CPU
		{0C0E7C3D-B2FE-410E-A143-F77A6262FA58}.Release|x86.ActiveCfg = Release|Any CPU
		{0C0E7C3D-B2FE-410E-A143-F77A6262FA58}.Release|x86.Build.0 = Release|Any CPU
		{78939BCD-4887-42E5-AD54-DB8EE8DE5381}.Debug|Any CPU.ActiveCfg = Debug|Any CPU
		{78939BCD-4887-42E5-AD54-DB8EE8DE5381}.Debug|Any CPU.Build.0 = Debug|Any CPU
		{78939BCD-4887-42E5-AD54-DB8EE8DE5381}.Debug|ARM.ActiveCfg = Debug|Any CPU
		{78939BCD-4887-42E5-AD54-DB8EE8DE5381}.Debug|ARM.Build.0 = Debug|Any CPU
		{78939BCD-4887-42E5-AD54-DB8EE8DE5381}.Debug|ARM64.ActiveCfg = Debug|Any CPU
		{78939BCD-4887-42E5-AD54-DB8EE8DE5381}.Debug|ARM64.Build.0 = Debug|Any CPU
		{78939BCD-4887-42E5-AD54-DB8EE8DE5381}.Debug|x64.ActiveCfg = Debug|Any CPU
		{78939BCD-4887-42E5-AD54-DB8EE8DE5381}.Debug|x64.Build.0 = Debug|Any CPU
		{78939BCD-4887-42E5-AD54-DB8EE8DE5381}.Debug|x86.ActiveCfg = Debug|Any CPU
		{78939BCD-4887-42E5-AD54-DB8EE8DE5381}.Debug|x86.Build.0 = Debug|Any CPU
		{78939BCD-4887-42E5-AD54-DB8EE8DE5381}.Release|Any CPU.ActiveCfg = Release|Any CPU
		{78939BCD-4887-42E5-AD54-DB8EE8DE5381}.Release|Any CPU.Build.0 = Release|Any CPU
		{78939BCD-4887-42E5-AD54-DB8EE8DE5381}.Release|ARM.ActiveCfg = Release|Any CPU
		{78939BCD-4887-42E5-AD54-DB8EE8DE5381}.Release|ARM.Build.0 = Release|Any CPU
		{78939BCD-4887-42E5-AD54-DB8EE8DE5381}.Release|ARM64.ActiveCfg = Release|Any CPU
		{78939BCD-4887-42E5-AD54-DB8EE8DE5381}.Release|ARM64.Build.0 = Release|Any CPU
		{78939BCD-4887-42E5-AD54-DB8EE8DE5381}.Release|x64.ActiveCfg = Release|Any CPU
		{78939BCD-4887-42E5-AD54-DB8EE8DE5381}.Release|x64.Build.0 = Release|Any CPU
		{78939BCD-4887-42E5-AD54-DB8EE8DE5381}.Release|x86.ActiveCfg = Release|Any CPU
		{78939BCD-4887-42E5-AD54-DB8EE8DE5381}.Release|x86.Build.0 = Release|Any CPU
		{8733F595-85C7-42C0-854F-3CC1B4E47075}.Debug|Any CPU.ActiveCfg = Debug|Any CPU
		{8733F595-85C7-42C0-854F-3CC1B4E47075}.Debug|Any CPU.Build.0 = Debug|Any CPU
		{8733F595-85C7-42C0-854F-3CC1B4E47075}.Debug|ARM.ActiveCfg = Debug|Any CPU
		{8733F595-85C7-42C0-854F-3CC1B4E47075}.Debug|ARM.Build.0 = Debug|Any CPU
		{8733F595-85C7-42C0-854F-3CC1B4E47075}.Debug|ARM64.ActiveCfg = Debug|Any CPU
		{8733F595-85C7-42C0-854F-3CC1B4E47075}.Debug|ARM64.Build.0 = Debug|Any CPU
		{8733F595-85C7-42C0-854F-3CC1B4E47075}.Debug|x64.ActiveCfg = Debug|Any CPU
		{8733F595-85C7-42C0-854F-3CC1B4E47075}.Debug|x64.Build.0 = Debug|Any CPU
		{8733F595-85C7-42C0-854F-3CC1B4E47075}.Debug|x86.ActiveCfg = Debug|Any CPU
		{8733F595-85C7-42C0-854F-3CC1B4E47075}.Debug|x86.Build.0 = Debug|Any CPU
		{8733F595-85C7-42C0-854F-3CC1B4E47075}.Release|Any CPU.ActiveCfg = Release|Any CPU
		{8733F595-85C7-42C0-854F-3CC1B4E47075}.Release|Any CPU.Build.0 = Release|Any CPU
		{8733F595-85C7-42C0-854F-3CC1B4E47075}.Release|ARM.ActiveCfg = Release|Any CPU
		{8733F595-85C7-42C0-854F-3CC1B4E47075}.Release|ARM.Build.0 = Release|Any CPU
		{8733F595-85C7-42C0-854F-3CC1B4E47075}.Release|ARM64.ActiveCfg = Release|Any CPU
		{8733F595-85C7-42C0-854F-3CC1B4E47075}.Release|ARM64.Build.0 = Release|Any CPU
		{8733F595-85C7-42C0-854F-3CC1B4E47075}.Release|x64.ActiveCfg = Release|Any CPU
		{8733F595-85C7-42C0-854F-3CC1B4E47075}.Release|x64.Build.0 = Release|Any CPU
		{8733F595-85C7-42C0-854F-3CC1B4E47075}.Release|x86.ActiveCfg = Release|Any CPU
		{8733F595-85C7-42C0-854F-3CC1B4E47075}.Release|x86.Build.0 = Release|Any CPU
		{2E172B67-DB31-4209-A4BF-E49C2B4DC8A6}.Debug|Any CPU.ActiveCfg = Debug|Any CPU
		{2E172B67-DB31-4209-A4BF-E49C2B4DC8A6}.Debug|Any CPU.Build.0 = Debug|Any CPU
		{2E172B67-DB31-4209-A4BF-E49C2B4DC8A6}.Debug|ARM.ActiveCfg = Debug|Any CPU
		{2E172B67-DB31-4209-A4BF-E49C2B4DC8A6}.Debug|ARM.Build.0 = Debug|Any CPU
		{2E172B67-DB31-4209-A4BF-E49C2B4DC8A6}.Debug|ARM64.ActiveCfg = Debug|Any CPU
		{2E172B67-DB31-4209-A4BF-E49C2B4DC8A6}.Debug|ARM64.Build.0 = Debug|Any CPU
		{2E172B67-DB31-4209-A4BF-E49C2B4DC8A6}.Debug|x64.ActiveCfg = Debug|Any CPU
		{2E172B67-DB31-4209-A4BF-E49C2B4DC8A6}.Debug|x64.Build.0 = Debug|Any CPU
		{2E172B67-DB31-4209-A4BF-E49C2B4DC8A6}.Debug|x86.ActiveCfg = Debug|Any CPU
		{2E172B67-DB31-4209-A4BF-E49C2B4DC8A6}.Debug|x86.Build.0 = Debug|Any CPU
		{2E172B67-DB31-4209-A4BF-E49C2B4DC8A6}.Release|Any CPU.ActiveCfg = Release|Any CPU
		{2E172B67-DB31-4209-A4BF-E49C2B4DC8A6}.Release|Any CPU.Build.0 = Release|Any CPU
		{2E172B67-DB31-4209-A4BF-E49C2B4DC8A6}.Release|ARM.ActiveCfg = Release|Any CPU
		{2E172B67-DB31-4209-A4BF-E49C2B4DC8A6}.Release|ARM.Build.0 = Release|Any CPU
		{2E172B67-DB31-4209-A4BF-E49C2B4DC8A6}.Release|ARM64.ActiveCfg = Release|Any CPU
		{2E172B67-DB31-4209-A4BF-E49C2B4DC8A6}.Release|ARM64.Build.0 = Release|Any CPU
		{2E172B67-DB31-4209-A4BF-E49C2B4DC8A6}.Release|x64.ActiveCfg = Release|Any CPU
		{2E172B67-DB31-4209-A4BF-E49C2B4DC8A6}.Release|x64.Build.0 = Release|Any CPU
		{2E172B67-DB31-4209-A4BF-E49C2B4DC8A6}.Release|x86.ActiveCfg = Release|Any CPU
		{2E172B67-DB31-4209-A4BF-E49C2B4DC8A6}.Release|x86.Build.0 = Release|Any CPU
		{84873B42-13D3-4749-8B7E-45A24C32FCA7}.Debug|Any CPU.ActiveCfg = Debug|Any CPU
		{84873B42-13D3-4749-8B7E-45A24C32FCA7}.Debug|Any CPU.Build.0 = Debug|Any CPU
		{84873B42-13D3-4749-8B7E-45A24C32FCA7}.Debug|ARM.ActiveCfg = Debug|Any CPU
		{84873B42-13D3-4749-8B7E-45A24C32FCA7}.Debug|ARM.Build.0 = Debug|Any CPU
		{84873B42-13D3-4749-8B7E-45A24C32FCA7}.Debug|ARM64.ActiveCfg = Debug|Any CPU
		{84873B42-13D3-4749-8B7E-45A24C32FCA7}.Debug|ARM64.Build.0 = Debug|Any CPU
		{84873B42-13D3-4749-8B7E-45A24C32FCA7}.Debug|x64.ActiveCfg = Debug|Any CPU
		{84873B42-13D3-4749-8B7E-45A24C32FCA7}.Debug|x64.Build.0 = Debug|Any CPU
		{84873B42-13D3-4749-8B7E-45A24C32FCA7}.Debug|x86.ActiveCfg = Debug|Any CPU
		{84873B42-13D3-4749-8B7E-45A24C32FCA7}.Debug|x86.Build.0 = Debug|Any CPU
		{84873B42-13D3-4749-8B7E-45A24C32FCA7}.Release|Any CPU.ActiveCfg = Release|Any CPU
		{84873B42-13D3-4749-8B7E-45A24C32FCA7}.Release|Any CPU.Build.0 = Release|Any CPU
		{84873B42-13D3-4749-8B7E-45A24C32FCA7}.Release|ARM.ActiveCfg = Release|Any CPU
		{84873B42-13D3-4749-8B7E-45A24C32FCA7}.Release|ARM.Build.0 = Release|Any CPU
		{84873B42-13D3-4749-8B7E-45A24C32FCA7}.Release|ARM64.ActiveCfg = Release|Any CPU
		{84873B42-13D3-4749-8B7E-45A24C32FCA7}.Release|ARM64.Build.0 = Release|Any CPU
		{84873B42-13D3-4749-8B7E-45A24C32FCA7}.Release|x64.ActiveCfg = Release|Any CPU
		{84873B42-13D3-4749-8B7E-45A24C32FCA7}.Release|x64.Build.0 = Release|Any CPU
		{84873B42-13D3-4749-8B7E-45A24C32FCA7}.Release|x86.ActiveCfg = Release|Any CPU
		{84873B42-13D3-4749-8B7E-45A24C32FCA7}.Release|x86.Build.0 = Release|Any CPU
	EndGlobalSection
	GlobalSection(SolutionProperties) = preSolution
		HideSolutionNode = FALSE
	EndGlobalSection
	GlobalSection(NestedProjects) = preSolution
		{EF4FB1BC-EE8D-45EE-ADE9-ED3044A2FAD2} = {E5F9DED9-0211-42FB-9AB4-988DAD8B1834}
		{56145F2A-78CF-42A6-AAD7-6F3D666761A8} = {E5F9DED9-0211-42FB-9AB4-988DAD8B1834}
		{0C0E7C3D-B2FE-410E-A143-F77A6262FA58} = {E5F9DED9-0211-42FB-9AB4-988DAD8B1834}
		{78939BCD-4887-42E5-AD54-DB8EE8DE5381} = {E5F9DED9-0211-42FB-9AB4-988DAD8B1834}
		{8733F595-85C7-42C0-854F-3CC1B4E47075} = {E5F9DED9-0211-42FB-9AB4-988DAD8B1834}
		{2E172B67-DB31-4209-A4BF-E49C2B4DC8A6} = {E5F9DED9-0211-42FB-9AB4-988DAD8B1834}
		{84873B42-13D3-4749-8B7E-45A24C32FCA7} = {E5F9DED9-0211-42FB-9AB4-988DAD8B1834}
	EndGlobalSection
	GlobalSection(ExtensibilityGlobals) = postSolution
		SolutionGuid = {BEE3A80E-B6C4-4334-8EFB-705A2D254C5C}
	EndGlobalSection
	GlobalSection(SharedMSBuildProjectFiles) = preSolution
		Uno_App_Xam00\Uno_App_Xam00.Shared\Uno_App_Xam00.Shared.projitems*{0c0e7c3d-b2fe-410e-a143-f77a6262fa58}*SharedItemsImports = 5
		Uno_App_Xam00\Uno_App_Xam00.Shared\Uno_App_Xam00.Shared.projitems*{2e172b67-db31-4209-a4bf-e49c2b4dc8a6}*SharedItemsImports = 5
		Uno_App_Xam00\Uno_App_Xam00.Shared\Uno_App_Xam00.Shared.projitems*{56145f2a-78cf-42a6-aad7-6f3d666761a8}*SharedItemsImports = 4
		Uno_App_Xam00\Uno_App_Xam00.Shared\Uno_App_Xam00.Shared.projitems*{6279c845-92f8-4333-ab99-3d213163593c}*SharedItemsImports = 13
		Uno_App_Xam00\Uno_App_Xam00.Shared\Uno_App_Xam00.Shared.projitems*{84873b42-13d3-4749-8b7e-45a24c32fca7}*SharedItemsImports = 5
		Uno_App_Xam00\Uno_App_Xam00.Shared\Uno_App_Xam00.Shared.projitems*{8733f595-85c7-42c0-854f-3cc1b4e47075}*SharedItemsImports = 5
		Uno_App_Xam00\Uno_App_Xam00.Shared\Uno_App_Xam00.Shared.projitems*{ef4fb1bc-ee8d-45ee-ade9-ed3044a2fad2}*SharedItemsImports = 4
	EndGlobalSection
EndGlobal
