
Microsoft Visual Studio Solution File, Format Version 12.00
# Visual Studio Version 17
VisualStudioVersion = 17.3.32825.248
MinimumVisualStudioVersion = 10.0.40219.1
Project("{D954291E-2A0B-460D-934E-DC6B0785DB48}") = "Uno_Platform_App00.Shared", "Uno_Platform_App00\Uno_Platform_App00.Shared\Uno_Platform_App00.Shared.shproj", "{6279C845-92F8-4333-AB99-3D213163593C}"
EndProject
Project("{2150E333-8FDC-42A3-9474-1A3956D46DE8}") = "Platforms", "Platforms", "{242273C5-9F02-4D8A-8E26-6F7AFD38A8FC}"
EndProject
Project("{FAE04EC0-301F-11D3-BF4B-00C04F79EFBC}") = "Uno_Platform_App00.Wasm", "Uno_Platform_App00\Uno_Platform_App00.Wasm\Uno_Platform_App00.Wasm.csproj", "{46837D00-F27A-4BCA-97AE-9EE8C492ED64}"
EndProject
Project("{FAE04EC0-301F-11D3-BF4B-00C04F79EFBC}") = "Uno_Platform_App00.Mobile", "Uno_Platform_App00\Uno_Platform_App00.Mobile\Uno_Platform_App00.Mobile.csproj", "{40B3865D-36E7-480B-B065-C01B28E71946}"
EndProject
Project("{FAE04EC0-301F-11D3-BF4B-00C04F79EFBC}") = "Uno_Platform_App00.Skia.Gtk", "Uno_Platform_App00\Uno_Platform_App00.Skia.Gtk\Uno_Platform_App00.Skia.Gtk.csproj", "{0879C6D9-CA6C-4847-97B6-EAB0298766F6}"
EndProject
Project("{FAE04EC0-301F-11D3-BF4B-00C04F79EFBC}") = "Uno_Platform_App00.Windows", "Uno_Platform_App00\Uno_Platform_App00.Windows\Uno_Platform_App00.Windows.csproj", "{2366667D-29E9-456C-8A46-FD06E73E75CB}"
EndProject
Global
	GlobalSection(SolutionConfigurationPlatforms) = preSolution
		Debug|Any CPU = Debug|Any CPU
		Debug|arm64 = Debug|arm64
		Debug|x64 = Debug|x64
		Debug|x86 = Debug|x86
		Release|Any CPU = Release|Any CPU
		Release|arm64 = Release|arm64
		Release|x64 = Release|x64
		Release|x86 = Release|x86
	EndGlobalSection
	GlobalSection(ProjectConfigurationPlatforms) = postSolution
		{46837D00-F27A-4BCA-97AE-9EE8C492ED64}.Debug|Any CPU.ActiveCfg = Debug|Any CPU
		{46837D00-F27A-4BCA-97AE-9EE8C492ED64}.Debug|Any CPU.Build.0 = Debug|Any CPU
		{46837D00-F27A-4BCA-97AE-9EE8C492ED64}.Debug|arm64.ActiveCfg = Debug|Any CPU
		{46837D00-F27A-4BCA-97AE-9EE8C492ED64}.Debug|arm64.Build.0 = Debug|Any CPU
		{46837D00-F27A-4BCA-97AE-9EE8C492ED64}.Debug|x64.ActiveCfg = Debug|Any CPU
		{46837D00-F27A-4BCA-97AE-9EE8C492ED64}.Debug|x64.Build.0 = Debug|Any CPU
		{46837D00-F27A-4BCA-97AE-9EE8C492ED64}.Debug|x86.ActiveCfg = Debug|Any CPU
		{46837D00-F27A-4BCA-97AE-9EE8C492ED64}.Debug|x86.Build.0 = Debug|Any CPU
		{46837D00-F27A-4BCA-97AE-9EE8C492ED64}.Release|Any CPU.ActiveCfg = Release|Any CPU
		{46837D00-F27A-4BCA-97AE-9EE8C492ED64}.Release|Any CPU.Build.0 = Release|Any CPU
		{46837D00-F27A-4BCA-97AE-9EE8C492ED64}.Release|arm64.ActiveCfg = Release|Any CPU
		{46837D00-F27A-4BCA-97AE-9EE8C492ED64}.Release|arm64.Build.0 = Release|Any CPU
		{46837D00-F27A-4BCA-97AE-9EE8C492ED64}.Release|x64.ActiveCfg = Release|Any CPU
		{46837D00-F27A-4BCA-97AE-9EE8C492ED64}.Release|x64.Build.0 = Release|Any CPU
		{46837D00-F27A-4BCA-97AE-9EE8C492ED64}.Release|x86.ActiveCfg = Release|Any CPU
		{46837D00-F27A-4BCA-97AE-9EE8C492ED64}.Release|x86.Build.0 = Release|Any CPU
		{40B3865D-36E7-480B-B065-C01B28E71946}.Debug|Any CPU.ActiveCfg = Debug|Any CPU
		{40B3865D-36E7-480B-B065-C01B28E71946}.Debug|Any CPU.Build.0 = Debug|Any CPU
		{40B3865D-36E7-480B-B065-C01B28E71946}.Debug|Any CPU.Deploy.0 = Debug|Any CPU
		{40B3865D-36E7-480B-B065-C01B28E71946}.Debug|arm64.ActiveCfg = Debug|Any CPU
		{40B3865D-36E7-480B-B065-C01B28E71946}.Debug|arm64.Build.0 = Debug|Any CPU
		{40B3865D-36E7-480B-B065-C01B28E71946}.Debug|arm64.Deploy.0 = Debug|Any CPU
		{40B3865D-36E7-480B-B065-C01B28E71946}.Debug|x64.ActiveCfg = Debug|Any CPU
		{40B3865D-36E7-480B-B065-C01B28E71946}.Debug|x64.Build.0 = Debug|Any CPU
		{40B3865D-36E7-480B-B065-C01B28E71946}.Debug|x64.Deploy.0 = Debug|Any CPU
		{40B3865D-36E7-480B-B065-C01B28E71946}.Debug|x86.ActiveCfg = Debug|Any CPU
		{40B3865D-36E7-480B-B065-C01B28E71946}.Debug|x86.Build.0 = Debug|Any CPU
		{40B3865D-36E7-480B-B065-C01B28E71946}.Debug|x86.Deploy.0 = Debug|Any CPU
		{40B3865D-36E7-480B-B065-C01B28E71946}.Release|Any CPU.ActiveCfg = Release|Any CPU
		{40B3865D-36E7-480B-B065-C01B28E71946}.Release|Any CPU.Build.0 = Release|Any CPU
		{40B3865D-36E7-480B-B065-C01B28E71946}.Release|Any CPU.Deploy.0 = Release|Any CPU
		{40B3865D-36E7-480B-B065-C01B28E71946}.Release|arm64.ActiveCfg = Release|Any CPU
		{40B3865D-36E7-480B-B065-C01B28E71946}.Release|arm64.Build.0 = Release|Any CPU
		{40B3865D-36E7-480B-B065-C01B28E71946}.Release|arm64.Deploy.0 = Release|Any CPU
		{40B3865D-36E7-480B-B065-C01B28E71946}.Release|x64.ActiveCfg = Release|Any CPU
		{40B3865D-36E7-480B-B065-C01B28E71946}.Release|x64.Build.0 = Release|Any CPU
		{40B3865D-36E7-480B-B065-C01B28E71946}.Release|x64.Deploy.0 = Release|Any CPU
		{40B3865D-36E7-480B-B065-C01B28E71946}.Release|x86.ActiveCfg = Release|Any CPU
		{40B3865D-36E7-480B-B065-C01B28E71946}.Release|x86.Build.0 = Release|Any CPU
		{40B3865D-36E7-480B-B065-C01B28E71946}.Release|x86.Deploy.0 = Release|Any CPU
		{0879C6D9-CA6C-4847-97B6-EAB0298766F6}.Debug|Any CPU.ActiveCfg = Debug|Any CPU
		{0879C6D9-CA6C-4847-97B6-EAB0298766F6}.Debug|Any CPU.Build.0 = Debug|Any CPU
		{0879C6D9-CA6C-4847-97B6-EAB0298766F6}.Debug|arm64.ActiveCfg = Debug|Any CPU
		{0879C6D9-CA6C-4847-97B6-EAB0298766F6}.Debug|arm64.Build.0 = Debug|Any CPU
		{0879C6D9-CA6C-4847-97B6-EAB0298766F6}.Debug|x64.ActiveCfg = Debug|Any CPU
		{0879C6D9-CA6C-4847-97B6-EAB0298766F6}.Debug|x64.Build.0 = Debug|Any CPU
		{0879C6D9-CA6C-4847-97B6-EAB0298766F6}.Debug|x86.ActiveCfg = Debug|Any CPU
		{0879C6D9-CA6C-4847-97B6-EAB0298766F6}.Debug|x86.Build.0 = Debug|Any CPU
		{0879C6D9-CA6C-4847-97B6-EAB0298766F6}.Release|Any CPU.ActiveCfg = Release|Any CPU
		{0879C6D9-CA6C-4847-97B6-EAB0298766F6}.Release|Any CPU.Build.0 = Release|Any CPU
		{0879C6D9-CA6C-4847-97B6-EAB0298766F6}.Release|arm64.ActiveCfg = Release|Any CPU
		{0879C6D9-CA6C-4847-97B6-EAB0298766F6}.Release|arm64.Build.0 = Release|Any CPU
		{0879C6D9-CA6C-4847-97B6-EAB0298766F6}.Release|x64.ActiveCfg = Release|Any CPU
		{0879C6D9-CA6C-4847-97B6-EAB0298766F6}.Release|x64.Build.0 = Release|Any CPU
		{0879C6D9-CA6C-4847-97B6-EAB0298766F6}.Release|x86.ActiveCfg = Release|Any CPU
		{0879C6D9-CA6C-4847-97B6-EAB0298766F6}.Release|x86.Build.0 = Release|Any CPU
		{2366667D-29E9-456C-8A46-FD06E73E75CB}.Debug|Any CPU.ActiveCfg = Debug|x64
		{2366667D-29E9-456C-8A46-FD06E73E75CB}.Debug|Any CPU.Build.0 = Debug|x64
		{2366667D-29E9-456C-8A46-FD06E73E75CB}.Debug|Any CPU.Deploy.0 = Debug|x64
		{2366667D-29E9-456C-8A46-FD06E73E75CB}.Debug|arm64.ActiveCfg = Debug|arm64
		{2366667D-29E9-456C-8A46-FD06E73E75CB}.Debug|arm64.Build.0 = Debug|arm64
		{2366667D-29E9-456C-8A46-FD06E73E75CB}.Debug|arm64.Deploy.0 = Debug|arm64
		{2366667D-29E9-456C-8A46-FD06E73E75CB}.Debug|x64.ActiveCfg = Debug|x64
		{2366667D-29E9-456C-8A46-FD06E73E75CB}.Debug|x64.Build.0 = Debug|x64
		{2366667D-29E9-456C-8A46-FD06E73E75CB}.Debug|x64.Deploy.0 = Debug|x64
		{2366667D-29E9-456C-8A46-FD06E73E75CB}.Debug|x86.ActiveCfg = Debug|x86
		{2366667D-29E9-456C-8A46-FD06E73E75CB}.Debug|x86.Build.0 = Debug|x86
		{2366667D-29E9-456C-8A46-FD06E73E75CB}.Debug|x86.Deploy.0 = Debug|x86
		{2366667D-29E9-456C-8A46-FD06E73E75CB}.Release|Any CPU.ActiveCfg = Release|x64
		{2366667D-29E9-456C-8A46-FD06E73E75CB}.Release|Any CPU.Build.0 = Release|x64
		{2366667D-29E9-456C-8A46-FD06E73E75CB}.Release|Any CPU.Deploy.0 = Release|x64
		{2366667D-29E9-456C-8A46-FD06E73E75CB}.Release|arm64.ActiveCfg = Release|arm64
		{2366667D-29E9-456C-8A46-FD06E73E75CB}.Release|arm64.Build.0 = Release|arm64
		{2366667D-29E9-456C-8A46-FD06E73E75CB}.Release|arm64.Deploy.0 = Release|arm64
		{2366667D-29E9-456C-8A46-FD06E73E75CB}.Release|x64.ActiveCfg = Release|x64
		{2366667D-29E9-456C-8A46-FD06E73E75CB}.Release|x64.Build.0 = Release|x64
		{2366667D-29E9-456C-8A46-FD06E73E75CB}.Release|x64.Deploy.0 = Release|x64
		{2366667D-29E9-456C-8A46-FD06E73E75CB}.Release|x86.ActiveCfg = Release|x86
		{2366667D-29E9-456C-8A46-FD06E73E75CB}.Release|x86.Build.0 = Release|x86
		{2366667D-29E9-456C-8A46-FD06E73E75CB}.Release|x86.Deploy.0 = Release|x86
	EndGlobalSection
	GlobalSection(SolutionProperties) = preSolution
		HideSolutionNode = FALSE
	EndGlobalSection
	GlobalSection(NestedProjects) = preSolution
		{46837D00-F27A-4BCA-97AE-9EE8C492ED64} = {242273C5-9F02-4D8A-8E26-6F7AFD38A8FC}
		{40B3865D-36E7-480B-B065-C01B28E71946} = {242273C5-9F02-4D8A-8E26-6F7AFD38A8FC}
		{0879C6D9-CA6C-4847-97B6-EAB0298766F6} = {242273C5-9F02-4D8A-8E26-6F7AFD38A8FC}
		{2366667D-29E9-456C-8A46-FD06E73E75CB} = {242273C5-9F02-4D8A-8E26-6F7AFD38A8FC}
	EndGlobalSection
	GlobalSection(ExtensibilityGlobals) = postSolution
		SolutionGuid = {64E48CD7-7A0F-4E05-A67F-A2CB797FD7A3}
	EndGlobalSection
	GlobalSection(SharedMSBuildProjectFiles) = preSolution
		Uno_Platform_App00\Uno_Platform_App00.Shared\Uno_Platform_App00.Shared.projitems*{0879c6d9-ca6c-4847-97b6-eab0298766f6}*SharedItemsImports = 5
		Uno_Platform_App00\Uno_Platform_App00.Shared\Uno_Platform_App00.Shared.projitems*{2366667d-29e9-456c-8a46-fd06e73e75cb}*SharedItemsImports = 5
		Uno_Platform_App00\Uno_Platform_App00.Shared\Uno_Platform_App00.Shared.projitems*{40b3865d-36e7-480b-b065-c01b28e71946}*SharedItemsImports = 5
		Uno_Platform_App00\Uno_Platform_App00.Shared\Uno_Platform_App00.Shared.projitems*{46837d00-f27a-4bca-97ae-9ee8c492ed64}*SharedItemsImports = 5
		Uno_Platform_App00\Uno_Platform_App00.Shared\Uno_Platform_App00.Shared.projitems*{6279c845-92f8-4333-ab99-3d213163593c}*SharedItemsImports = 13
	EndGlobalSection
EndGlobal
