
Microsoft Visual Studio Solution File, Format Version 12.00
# Visual Studio Version 17
VisualStudioVersion = 17.3.32825.248
MinimumVisualStudioVersion = 10.0.40219.1
Project("{D954291E-2A0B-460D-934E-DC6B0785DB48}") = "Uno_App_Xam_UWP00.Shared", "Uno_App_Xam_UWP00\Uno_App_Xam_UWP00.Shared\Uno_App_Xam_UWP00.Shared.shproj", "{6279C845-92F8-4333-AB99-3D213163593C}"
EndProject
Project("{2150E333-8FDC-42A3-9474-1A3956D46DE8}") = "Platforms", "Platforms", "{D57E4318-D9B1-4C25-997C-0DC9B19E1D70}"
EndProject
Project("{FAE04EC0-301F-11D3-BF4B-00C04F79EFBC}") = "Uno_App_Xam_UWP00.Droid", "Uno_App_Xam_UWP00\Uno_App_Xam_UWP00.Droid\Uno_App_Xam_UWP00.Droid.csproj", "{2BDE12E5-712E-4EE4-AB34-2677655B52FB}"
EndProject
Project("{FAE04EC0-301F-11D3-BF4B-00C04F79EFBC}") = "Uno_App_Xam_UWP00.iOS", "Uno_App_Xam_UWP00\Uno_App_Xam_UWP00.iOS\Uno_App_Xam_UWP00.iOS.csproj", "{386EBFA5-5AB8-4806-9871-23842DCE38A1}"
EndProject
Project("{FAE04EC0-301F-11D3-BF4B-00C04F79EFBC}") = "Uno_App_Xam_UWP00.UWP", "Uno_App_Xam_UWP00\Uno_App_Xam_UWP00.UWP\Uno_App_Xam_UWP00.UWP.csproj", "{9003DA9F-7A21-47C8-A580-B6B709F99AFA}"
EndProject
Project("{FAE04EC0-301F-11D3-BF4B-00C04F79EFBC}") = "Uno_App_Xam_UWP00.Wasm", "Uno_App_Xam_UWP00\Uno_App_Xam_UWP00.Wasm\Uno_App_Xam_UWP00.Wasm.csproj", "{B92DFC89-334E-4864-85A8-CF073DB3D637}"
EndProject
Project("{FAE04EC0-301F-11D3-BF4B-00C04F79EFBC}") = "Uno_App_Xam_UWP00.macOS", "Uno_App_Xam_UWP00\Uno_App_Xam_UWP00.macOS\Uno_App_Xam_UWP00.macOS.csproj", "{BC51E5D4-5436-4E18-B7C9-EE369EDDF480}"
EndProject
Project("{FAE04EC0-301F-11D3-BF4B-00C04F79EFBC}") = "Uno_App_Xam_UWP00.Skia.Wpf.Host", "Uno_App_Xam_UWP00\Uno_App_Xam_UWP00.Skia.Wpf.Host\Uno_App_Xam_UWP00.Skia.Wpf.Host.csproj", "{F3FEF7B1-0AD0-441B-92E4-0EB9320C41BA}"
EndProject
Project("{FAE04EC0-301F-11D3-BF4B-00C04F79EFBC}") = "Uno_App_Xam_UWP00.Skia.Wpf", "Uno_App_Xam_UWP00\Uno_App_Xam_UWP00.Skia.Wpf\Uno_App_Xam_UWP00.Skia.Wpf.csproj", "{7DBDFE07-C54C-4FD3-84A3-26469A49540D}"
EndProject
Project("{FAE04EC0-301F-11D3-BF4B-00C04F79EFBC}") = "Uno_App_Xam_UWP00.Skia.Gtk", "Uno_App_Xam_UWP00\Uno_App_Xam_UWP00.Skia.Gtk\Uno_App_Xam_UWP00.Skia.Gtk.csproj", "{6D211675-8D55-4A54-A318-6784711BDF1C}"
EndProject
Global
	GlobalSection(SolutionConfigurationPlatforms) = preSolution
		Ad-Hoc|Any CPU = Ad-Hoc|Any CPU
		Ad-Hoc|ARM = Ad-Hoc|ARM
		Ad-Hoc|ARM64 = Ad-Hoc|ARM64
		Ad-Hoc|iPhone = Ad-Hoc|iPhone
		Ad-Hoc|iPhoneSimulator = Ad-Hoc|iPhoneSimulator
		Ad-Hoc|x64 = Ad-Hoc|x64
		Ad-Hoc|x86 = Ad-Hoc|x86
		AppStore|Any CPU = AppStore|Any CPU
		AppStore|ARM = AppStore|ARM
		AppStore|ARM64 = AppStore|ARM64
		AppStore|iPhone = AppStore|iPhone
		AppStore|iPhoneSimulator = AppStore|iPhoneSimulator
		AppStore|x64 = AppStore|x64
		AppStore|x86 = AppStore|x86
		Debug|Any CPU = Debug|Any CPU
		Debug|ARM = Debug|ARM
		Debug|ARM64 = Debug|ARM64
		Debug|iPhone = Debug|iPhone
		Debug|iPhoneSimulator = Debug|iPhoneSimulator
		Debug|x64 = Debug|x64
		Debug|x86 = Debug|x86
		Release|Any CPU = Release|Any CPU
		Release|ARM = Release|ARM
		Release|ARM64 = Release|ARM64
		Release|iPhone = Release|iPhone
		Release|iPhoneSimulator = Release|iPhoneSimulator
		Release|x64 = Release|x64
		Release|x86 = Release|x86
	EndGlobalSection
	GlobalSection(ProjectConfigurationPlatforms) = postSolution
		{2BDE12E5-712E-4EE4-AB34-2677655B52FB}.Ad-Hoc|Any CPU.ActiveCfg = Debug|Any CPU
		{2BDE12E5-712E-4EE4-AB34-2677655B52FB}.Ad-Hoc|Any CPU.Build.0 = Debug|Any CPU
		{2BDE12E5-712E-4EE4-AB34-2677655B52FB}.Ad-Hoc|Any CPU.Deploy.0 = Debug|Any CPU
		{2BDE12E5-712E-4EE4-AB34-2677655B52FB}.Ad-Hoc|ARM.ActiveCfg = Debug|Any CPU
		{2BDE12E5-712E-4EE4-AB34-2677655B52FB}.Ad-Hoc|ARM.Build.0 = Debug|Any CPU
		{2BDE12E5-712E-4EE4-AB34-2677655B52FB}.Ad-Hoc|ARM.Deploy.0 = Debug|Any CPU
		{2BDE12E5-712E-4EE4-AB34-2677655B52FB}.Ad-Hoc|ARM64.ActiveCfg = Debug|Any CPU
		{2BDE12E5-712E-4EE4-AB34-2677655B52FB}.Ad-Hoc|ARM64.Build.0 = Debug|Any CPU
		{2BDE12E5-712E-4EE4-AB34-2677655B52FB}.Ad-Hoc|ARM64.Deploy.0 = Debug|Any CPU
		{2BDE12E5-712E-4EE4-AB34-2677655B52FB}.Ad-Hoc|iPhone.ActiveCfg = Debug|Any CPU
		{2BDE12E5-712E-4EE4-AB34-2677655B52FB}.Ad-Hoc|iPhone.Build.0 = Debug|Any CPU
		{2BDE12E5-712E-4EE4-AB34-2677655B52FB}.Ad-Hoc|iPhone.Deploy.0 = Debug|Any CPU
		{2BDE12E5-712E-4EE4-AB34-2677655B52FB}.Ad-Hoc|iPhoneSimulator.ActiveCfg = Debug|Any CPU
		{2BDE12E5-712E-4EE4-AB34-2677655B52FB}.Ad-Hoc|iPhoneSimulator.Build.0 = Debug|Any CPU
		{2BDE12E5-712E-4EE4-AB34-2677655B52FB}.Ad-Hoc|iPhoneSimulator.Deploy.0 = Debug|Any CPU
		{2BDE12E5-712E-4EE4-AB34-2677655B52FB}.Ad-Hoc|x64.ActiveCfg = Debug|Any CPU
		{2BDE12E5-712E-4EE4-AB34-2677655B52FB}.Ad-Hoc|x64.Build.0 = Debug|Any CPU
		{2BDE12E5-712E-4EE4-AB34-2677655B52FB}.Ad-Hoc|x64.Deploy.0 = Debug|Any CPU
		{2BDE12E5-712E-4EE4-AB34-2677655B52FB}.Ad-Hoc|x86.ActiveCfg = Debug|Any CPU
		{2BDE12E5-712E-4EE4-AB34-2677655B52FB}.Ad-Hoc|x86.Build.0 = Debug|Any CPU
		{2BDE12E5-712E-4EE4-AB34-2677655B52FB}.Ad-Hoc|x86.Deploy.0 = Debug|Any CPU
		{2BDE12E5-712E-4EE4-AB34-2677655B52FB}.AppStore|Any CPU.ActiveCfg = Debug|Any CPU
		{2BDE12E5-712E-4EE4-AB34-2677655B52FB}.AppStore|Any CPU.Build.0 = Debug|Any CPU
		{2BDE12E5-712E-4EE4-AB34-2677655B52FB}.AppStore|Any CPU.Deploy.0 = Debug|Any CPU
		{2BDE12E5-712E-4EE4-AB34-2677655B52FB}.AppStore|ARM.ActiveCfg = Debug|Any CPU
		{2BDE12E5-712E-4EE4-AB34-2677655B52FB}.AppStore|ARM.Build.0 = Debug|Any CPU
		{2BDE12E5-712E-4EE4-AB34-2677655B52FB}.AppStore|ARM.Deploy.0 = Debug|Any CPU
		{2BDE12E5-712E-4EE4-AB34-2677655B52FB}.AppStore|ARM64.ActiveCfg = Debug|Any CPU
		{2BDE12E5-712E-4EE4-AB34-2677655B52FB}.AppStore|ARM64.Build.0 = Debug|Any CPU
		{2BDE12E5-712E-4EE4-AB34-2677655B52FB}.AppStore|ARM64.Deploy.0 = Debug|Any CPU
		{2BDE12E5-712E-4EE4-AB34-2677655B52FB}.AppStore|iPhone.ActiveCfg = Debug|Any CPU
		{2BDE12E5-712E-4EE4-AB34-2677655B52FB}.AppStore|iPhone.Build.0 = Debug|Any CPU
		{2BDE12E5-712E-4EE4-AB34-2677655B52FB}.AppStore|iPhone.Deploy.0 = Debug|Any CPU
		{2BDE12E5-712E-4EE4-AB34-2677655B52FB}.AppStore|iPhoneSimulator.ActiveCfg = Debug|Any CPU
		{2BDE12E5-712E-4EE4-AB34-2677655B52FB}.AppStore|iPhoneSimulator.Build.0 = Debug|Any CPU
		{2BDE12E5-712E-4EE4-AB34-2677655B52FB}.AppStore|iPhoneSimulator.Deploy.0 = Debug|Any CPU
		{2BDE12E5-712E-4EE4-AB34-2677655B52FB}.AppStore|x64.ActiveCfg = Debug|Any CPU
		{2BDE12E5-712E-4EE4-AB34-2677655B52FB}.AppStore|x64.Build.0 = Debug|Any CPU
		{2BDE12E5-712E-4EE4-AB34-2677655B52FB}.AppStore|x64.Deploy.0 = Debug|Any CPU
		{2BDE12E5-712E-4EE4-AB34-2677655B52FB}.AppStore|x86.ActiveCfg = Debug|Any CPU
		{2BDE12E5-712E-4EE4-AB34-2677655B52FB}.AppStore|x86.Build.0 = Debug|Any CPU
		{2BDE12E5-712E-4EE4-AB34-2677655B52FB}.AppStore|x86.Deploy.0 = Debug|Any CPU
		{2BDE12E5-712E-4EE4-AB34-2677655B52FB}.Debug|Any CPU.ActiveCfg = Debug|Any CPU
		{2BDE12E5-712E-4EE4-AB34-2677655B52FB}.Debug|Any CPU.Build.0 = Debug|Any CPU
		{2BDE12E5-712E-4EE4-AB34-2677655B52FB}.Debug|Any CPU.Deploy.0 = Debug|Any CPU
		{2BDE12E5-712E-4EE4-AB34-2677655B52FB}.Debug|ARM.ActiveCfg = Debug|Any CPU
		{2BDE12E5-712E-4EE4-AB34-2677655B52FB}.Debug|ARM.Build.0 = Debug|Any CPU
		{2BDE12E5-712E-4EE4-AB34-2677655B52FB}.Debug|ARM.Deploy.0 = Debug|Any CPU
		{2BDE12E5-712E-4EE4-AB34-2677655B52FB}.Debug|ARM64.ActiveCfg = Debug|Any CPU
		{2BDE12E5-712E-4EE4-AB34-2677655B52FB}.Debug|ARM64.Build.0 = Debug|Any CPU
		{2BDE12E5-712E-4EE4-AB34-2677655B52FB}.Debug|ARM64.Deploy.0 = Debug|Any CPU
		{2BDE12E5-712E-4EE4-AB34-2677655B52FB}.Debug|iPhone.ActiveCfg = Debug|Any CPU
		{2BDE12E5-712E-4EE4-AB34-2677655B52FB}.Debug|iPhone.Build.0 = Debug|Any CPU
		{2BDE12E5-712E-4EE4-AB34-2677655B52FB}.Debug|iPhone.Deploy.0 = Debug|Any CPU
		{2BDE12E5-712E-4EE4-AB34-2677655B52FB}.Debug|iPhoneSimulator.ActiveCfg = Debug|Any CPU
		{2BDE12E5-712E-4EE4-AB34-2677655B52FB}.Debug|iPhoneSimulator.Build.0 = Debug|Any CPU
		{2BDE12E5-712E-4EE4-AB34-2677655B52FB}.Debug|iPhoneSimulator.Deploy.0 = Debug|Any CPU
		{2BDE12E5-712E-4EE4-AB34-2677655B52FB}.Debug|x64.ActiveCfg = Debug|Any CPU
		{2BDE12E5-712E-4EE4-AB34-2677655B52FB}.Debug|x64.Build.0 = Debug|Any CPU
		{2BDE12E5-712E-4EE4-AB34-2677655B52FB}.Debug|x64.Deploy.0 = Debug|Any CPU
		{2BDE12E5-712E-4EE4-AB34-2677655B52FB}.Debug|x86.ActiveCfg = Debug|Any CPU
		{2BDE12E5-712E-4EE4-AB34-2677655B52FB}.Debug|x86.Build.0 = Debug|Any CPU
		{2BDE12E5-712E-4EE4-AB34-2677655B52FB}.Debug|x86.Deploy.0 = Debug|Any CPU
		{2BDE12E5-712E-4EE4-AB34-2677655B52FB}.Release|Any CPU.ActiveCfg = Release|Any CPU
		{2BDE12E5-712E-4EE4-AB34-2677655B52FB}.Release|Any CPU.Build.0 = Release|Any CPU
		{2BDE12E5-712E-4EE4-AB34-2677655B52FB}.Release|Any CPU.Deploy.0 = Release|Any CPU
		{2BDE12E5-712E-4EE4-AB34-2677655B52FB}.Release|ARM.ActiveCfg = Release|Any CPU
		{2BDE12E5-712E-4EE4-AB34-2677655B52FB}.Release|ARM.Build.0 = Release|Any CPU
		{2BDE12E5-712E-4EE4-AB34-2677655B52FB}.Release|ARM.Deploy.0 = Release|Any CPU
		{2BDE12E5-712E-4EE4-AB34-2677655B52FB}.Release|ARM64.ActiveCfg = Release|Any CPU
		{2BDE12E5-712E-4EE4-AB34-2677655B52FB}.Release|ARM64.Build.0 = Release|Any CPU
		{2BDE12E5-712E-4EE4-AB34-2677655B52FB}.Release|ARM64.Deploy.0 = Release|Any CPU
		{2BDE12E5-712E-4EE4-AB34-2677655B52FB}.Release|iPhone.ActiveCfg = Release|Any CPU
		{2BDE12E5-712E-4EE4-AB34-2677655B52FB}.Release|iPhone.Build.0 = Release|Any CPU
		{2BDE12E5-712E-4EE4-AB34-2677655B52FB}.Release|iPhone.Deploy.0 = Release|Any CPU
		{2BDE12E5-712E-4EE4-AB34-2677655B52FB}.Release|iPhoneSimulator.ActiveCfg = Release|Any CPU
		{2BDE12E5-712E-4EE4-AB34-2677655B52FB}.Release|iPhoneSimulator.Build.0 = Release|Any CPU
		{2BDE12E5-712E-4EE4-AB34-2677655B52FB}.Release|iPhoneSimulator.Deploy.0 = Release|Any CPU
		{2BDE12E5-712E-4EE4-AB34-2677655B52FB}.Release|x64.ActiveCfg = Release|Any CPU
		{2BDE12E5-712E-4EE4-AB34-2677655B52FB}.Release|x64.Build.0 = Release|Any CPU
		{2BDE12E5-712E-4EE4-AB34-2677655B52FB}.Release|x64.Deploy.0 = Release|Any CPU
		{2BDE12E5-712E-4EE4-AB34-2677655B52FB}.Release|x86.ActiveCfg = Release|Any CPU
		{2BDE12E5-712E-4EE4-AB34-2677655B52FB}.Release|x86.Build.0 = Release|Any CPU
		{2BDE12E5-712E-4EE4-AB34-2677655B52FB}.Release|x86.Deploy.0 = Release|Any CPU
		{386EBFA5-5AB8-4806-9871-23842DCE38A1}.Ad-Hoc|Any CPU.ActiveCfg = Ad-Hoc|iPhoneSimulator
		{386EBFA5-5AB8-4806-9871-23842DCE38A1}.Ad-Hoc|Any CPU.Build.0 = Ad-Hoc|iPhoneSimulator
		{386EBFA5-5AB8-4806-9871-23842DCE38A1}.Ad-Hoc|ARM.ActiveCfg = Ad-Hoc|iPhoneSimulator
		{386EBFA5-5AB8-4806-9871-23842DCE38A1}.Ad-Hoc|ARM.Build.0 = Ad-Hoc|iPhoneSimulator
		{386EBFA5-5AB8-4806-9871-23842DCE38A1}.Ad-Hoc|ARM64.ActiveCfg = Ad-Hoc|iPhoneSimulator
		{386EBFA5-5AB8-4806-9871-23842DCE38A1}.Ad-Hoc|ARM64.Build.0 = Ad-Hoc|iPhoneSimulator
		{386EBFA5-5AB8-4806-9871-23842DCE38A1}.Ad-Hoc|iPhone.ActiveCfg = Ad-Hoc|iPhone
		{386EBFA5-5AB8-4806-9871-23842DCE38A1}.Ad-Hoc|iPhone.Build.0 = Ad-Hoc|iPhone
		{386EBFA5-5AB8-4806-9871-23842DCE38A1}.Ad-Hoc|iPhoneSimulator.ActiveCfg = Ad-Hoc|iPhoneSimulator
		{386EBFA5-5AB8-4806-9871-23842DCE38A1}.Ad-Hoc|iPhoneSimulator.Build.0 = Ad-Hoc|iPhoneSimulator
		{386EBFA5-5AB8-4806-9871-23842DCE38A1}.Ad-Hoc|x64.ActiveCfg = Ad-Hoc|iPhoneSimulator
		{386EBFA5-5AB8-4806-9871-23842DCE38A1}.Ad-Hoc|x64.Build.0 = Ad-Hoc|iPhoneSimulator
		{386EBFA5-5AB8-4806-9871-23842DCE38A1}.Ad-Hoc|x86.ActiveCfg = Ad-Hoc|iPhoneSimulator
		{386EBFA5-5AB8-4806-9871-23842DCE38A1}.Ad-Hoc|x86.Build.0 = Ad-Hoc|iPhoneSimulator
		{386EBFA5-5AB8-4806-9871-23842DCE38A1}.AppStore|Any CPU.ActiveCfg = AppStore|iPhoneSimulator
		{386EBFA5-5AB8-4806-9871-23842DCE38A1}.AppStore|Any CPU.Build.0 = AppStore|iPhoneSimulator
		{386EBFA5-5AB8-4806-9871-23842DCE38A1}.AppStore|ARM.ActiveCfg = AppStore|iPhoneSimulator
		{386EBFA5-5AB8-4806-9871-23842DCE38A1}.AppStore|ARM.Build.0 = AppStore|iPhoneSimulator
		{386EBFA5-5AB8-4806-9871-23842DCE38A1}.AppStore|ARM64.ActiveCfg = AppStore|iPhoneSimulator
		{386EBFA5-5AB8-4806-9871-23842DCE38A1}.AppStore|ARM64.Build.0 = AppStore|iPhoneSimulator
		{386EBFA5-5AB8-4806-9871-23842DCE38A1}.AppStore|iPhone.ActiveCfg = AppStore|iPhone
		{386EBFA5-5AB8-4806-9871-23842DCE38A1}.AppStore|iPhone.Build.0 = AppStore|iPhone
		{386EBFA5-5AB8-4806-9871-23842DCE38A1}.AppStore|iPhoneSimulator.ActiveCfg = AppStore|iPhoneSimulator
		{386EBFA5-5AB8-4806-9871-23842DCE38A1}.AppStore|iPhoneSimulator.Build.0 = AppStore|iPhoneSimulator
		{386EBFA5-5AB8-4806-9871-23842DCE38A1}.AppStore|x64.ActiveCfg = AppStore|iPhoneSimulator
		{386EBFA5-5AB8-4806-9871-23842DCE38A1}.AppStore|x64.Build.0 = AppStore|iPhoneSimulator
		{386EBFA5-5AB8-4806-9871-23842DCE38A1}.AppStore|x86.ActiveCfg = AppStore|iPhoneSimulator
		{386EBFA5-5AB8-4806-9871-23842DCE38A1}.AppStore|x86.Build.0 = AppStore|iPhoneSimulator
		{386EBFA5-5AB8-4806-9871-23842DCE38A1}.Debug|Any CPU.ActiveCfg = Debug|iPhoneSimulator
		{386EBFA5-5AB8-4806-9871-23842DCE38A1}.Debug|Any CPU.Build.0 = Debug|iPhoneSimulator
		{386EBFA5-5AB8-4806-9871-23842DCE38A1}.Debug|ARM.ActiveCfg = Debug|iPhoneSimulator
		{386EBFA5-5AB8-4806-9871-23842DCE38A1}.Debug|ARM.Build.0 = Debug|iPhoneSimulator
		{386EBFA5-5AB8-4806-9871-23842DCE38A1}.Debug|ARM64.ActiveCfg = Debug|iPhoneSimulator
		{386EBFA5-5AB8-4806-9871-23842DCE38A1}.Debug|ARM64.Build.0 = Debug|iPhoneSimulator
		{386EBFA5-5AB8-4806-9871-23842DCE38A1}.Debug|iPhone.ActiveCfg = Debug|iPhone
		{386EBFA5-5AB8-4806-9871-23842DCE38A1}.Debug|iPhone.Build.0 = Debug|iPhone
		{386EBFA5-5AB8-4806-9871-23842DCE38A1}.Debug|iPhoneSimulator.ActiveCfg = Debug|iPhoneSimulator
		{386EBFA5-5AB8-4806-9871-23842DCE38A1}.Debug|iPhoneSimulator.Build.0 = Debug|iPhoneSimulator
		{386EBFA5-5AB8-4806-9871-23842DCE38A1}.Debug|x64.ActiveCfg = Debug|iPhoneSimulator
		{386EBFA5-5AB8-4806-9871-23842DCE38A1}.Debug|x64.Build.0 = Debug|iPhoneSimulator
		{386EBFA5-5AB8-4806-9871-23842DCE38A1}.Debug|x86.ActiveCfg = Debug|iPhoneSimulator
		{386EBFA5-5AB8-4806-9871-23842DCE38A1}.Debug|x86.Build.0 = Debug|iPhoneSimulator
		{386EBFA5-5AB8-4806-9871-23842DCE38A1}.Release|Any CPU.ActiveCfg = Release|iPhoneSimulator
		{386EBFA5-5AB8-4806-9871-23842DCE38A1}.Release|Any CPU.Build.0 = Release|iPhoneSimulator
		{386EBFA5-5AB8-4806-9871-23842DCE38A1}.Release|ARM.ActiveCfg = Release|iPhoneSimulator
		{386EBFA5-5AB8-4806-9871-23842DCE38A1}.Release|ARM.Build.0 = Release|iPhoneSimulator
		{386EBFA5-5AB8-4806-9871-23842DCE38A1}.Release|ARM64.ActiveCfg = Release|iPhoneSimulator
		{386EBFA5-5AB8-4806-9871-23842DCE38A1}.Release|ARM64.Build.0 = Release|iPhoneSimulator
		{386EBFA5-5AB8-4806-9871-23842DCE38A1}.Release|iPhone.ActiveCfg = Release|iPhone
		{386EBFA5-5AB8-4806-9871-23842DCE38A1}.Release|iPhone.Build.0 = Release|iPhone
		{386EBFA5-5AB8-4806-9871-23842DCE38A1}.Release|iPhoneSimulator.ActiveCfg = Release|iPhoneSimulator
		{386EBFA5-5AB8-4806-9871-23842DCE38A1}.Release|iPhoneSimulator.Build.0 = Release|iPhoneSimulator
		{386EBFA5-5AB8-4806-9871-23842DCE38A1}.Release|x64.ActiveCfg = Release|iPhoneSimulator
		{386EBFA5-5AB8-4806-9871-23842DCE38A1}.Release|x64.Build.0 = Release|iPhoneSimulator
		{386EBFA5-5AB8-4806-9871-23842DCE38A1}.Release|x86.ActiveCfg = Release|iPhoneSimulator
		{386EBFA5-5AB8-4806-9871-23842DCE38A1}.Release|x86.Build.0 = Release|iPhoneSimulator
		{9003DA9F-7A21-47C8-A580-B6B709F99AFA}.Ad-Hoc|Any CPU.ActiveCfg = Debug|x64
		{9003DA9F-7A21-47C8-A580-B6B709F99AFA}.Ad-Hoc|Any CPU.Build.0 = Debug|x64
		{9003DA9F-7A21-47C8-A580-B6B709F99AFA}.Ad-Hoc|Any CPU.Deploy.0 = Debug|x64
		{9003DA9F-7A21-47C8-A580-B6B709F99AFA}.Ad-Hoc|ARM.ActiveCfg = Debug|ARM
		{9003DA9F-7A21-47C8-A580-B6B709F99AFA}.Ad-Hoc|ARM.Build.0 = Debug|ARM
		{9003DA9F-7A21-47C8-A580-B6B709F99AFA}.Ad-Hoc|ARM.Deploy.0 = Debug|ARM
		{9003DA9F-7A21-47C8-A580-B6B709F99AFA}.Ad-Hoc|ARM64.ActiveCfg = Debug|ARM64
		{9003DA9F-7A21-47C8-A580-B6B709F99AFA}.Ad-Hoc|ARM64.Build.0 = Debug|ARM64
		{9003DA9F-7A21-47C8-A580-B6B709F99AFA}.Ad-Hoc|ARM64.Deploy.0 = Debug|ARM64
		{9003DA9F-7A21-47C8-A580-B6B709F99AFA}.Ad-Hoc|iPhone.ActiveCfg = Debug|x64
		{9003DA9F-7A21-47C8-A580-B6B709F99AFA}.Ad-Hoc|iPhone.Build.0 = Debug|x64
		{9003DA9F-7A21-47C8-A580-B6B709F99AFA}.Ad-Hoc|iPhone.Deploy.0 = Debug|x64
		{9003DA9F-7A21-47C8-A580-B6B709F99AFA}.Ad-Hoc|iPhoneSimulator.ActiveCfg = Debug|x64
		{9003DA9F-7A21-47C8-A580-B6B709F99AFA}.Ad-Hoc|iPhoneSimulator.Build.0 = Debug|x64
		{9003DA9F-7A21-47C8-A580-B6B709F99AFA}.Ad-Hoc|iPhoneSimulator.Deploy.0 = Debug|x64
		{9003DA9F-7A21-47C8-A580-B6B709F99AFA}.Ad-Hoc|x64.ActiveCfg = Debug|x64
		{9003DA9F-7A21-47C8-A580-B6B709F99AFA}.Ad-Hoc|x64.Build.0 = Debug|x64
		{9003DA9F-7A21-47C8-A580-B6B709F99AFA}.Ad-Hoc|x64.Deploy.0 = Debug|x64
		{9003DA9F-7A21-47C8-A580-B6B709F99AFA}.Ad-Hoc|x86.ActiveCfg = Debug|x86
		{9003DA9F-7A21-47C8-A580-B6B709F99AFA}.Ad-Hoc|x86.Build.0 = Debug|x86
		{9003DA9F-7A21-47C8-A580-B6B709F99AFA}.Ad-Hoc|x86.Deploy.0 = Debug|x86
		{9003DA9F-7A21-47C8-A580-B6B709F99AFA}.AppStore|Any CPU.ActiveCfg = Debug|x64
		{9003DA9F-7A21-47C8-A580-B6B709F99AFA}.AppStore|Any CPU.Build.0 = Debug|x64
		{9003DA9F-7A21-47C8-A580-B6B709F99AFA}.AppStore|Any CPU.Deploy.0 = Debug|x64
		{9003DA9F-7A21-47C8-A580-B6B709F99AFA}.AppStore|ARM.ActiveCfg = Debug|ARM
		{9003DA9F-7A21-47C8-A580-B6B709F99AFA}.AppStore|ARM.Build.0 = Debug|ARM
		{9003DA9F-7A21-47C8-A580-B6B709F99AFA}.AppStore|ARM.Deploy.0 = Debug|ARM
		{9003DA9F-7A21-47C8-A580-B6B709F99AFA}.AppStore|ARM64.ActiveCfg = Debug|ARM64
		{9003DA9F-7A21-47C8-A580-B6B709F99AFA}.AppStore|ARM64.Build.0 = Debug|ARM64
		{9003DA9F-7A21-47C8-A580-B6B709F99AFA}.AppStore|ARM64.Deploy.0 = Debug|ARM64
		{9003DA9F-7A21-47C8-A580-B6B709F99AFA}.AppStore|iPhone.ActiveCfg = Debug|x64
		{9003DA9F-7A21-47C8-A580-B6B709F99AFA}.AppStore|iPhone.Build.0 = Debug|x64
		{9003DA9F-7A21-47C8-A580-B6B709F99AFA}.AppStore|iPhone.Deploy.0 = Debug|x64
		{9003DA9F-7A21-47C8-A580-B6B709F99AFA}.AppStore|iPhoneSimulator.ActiveCfg = Debug|x64
		{9003DA9F-7A21-47C8-A580-B6B709F99AFA}.AppStore|iPhoneSimulator.Build.0 = Debug|x64
		{9003DA9F-7A21-47C8-A580-B6B709F99AFA}.AppStore|iPhoneSimulator.Deploy.0 = Debug|x64
		{9003DA9F-7A21-47C8-A580-B6B709F99AFA}.AppStore|x64.ActiveCfg = Debug|x64
		{9003DA9F-7A21-47C8-A580-B6B709F99AFA}.AppStore|x64.Build.0 = Debug|x64
		{9003DA9F-7A21-47C8-A580-B6B709F99AFA}.AppStore|x64.Deploy.0 = Debug|x64
		{9003DA9F-7A21-47C8-A580-B6B709F99AFA}.AppStore|x86.ActiveCfg = Debug|x86
		{9003DA9F-7A21-47C8-A580-B6B709F99AFA}.AppStore|x86.Build.0 = Debug|x86
		{9003DA9F-7A21-47C8-A580-B6B709F99AFA}.AppStore|x86.Deploy.0 = Debug|x86
		{9003DA9F-7A21-47C8-A580-B6B709F99AFA}.Debug|Any CPU.ActiveCfg = Debug|x64
		{9003DA9F-7A21-47C8-A580-B6B709F99AFA}.Debug|Any CPU.Build.0 = Debug|x64
		{9003DA9F-7A21-47C8-A580-B6B709F99AFA}.Debug|Any CPU.Deploy.0 = Debug|x64
		{9003DA9F-7A21-47C8-A580-B6B709F99AFA}.Debug|ARM.ActiveCfg = Debug|ARM
		{9003DA9F-7A21-47C8-A580-B6B709F99AFA}.Debug|ARM.Build.0 = Debug|ARM
		{9003DA9F-7A21-47C8-A580-B6B709F99AFA}.Debug|ARM.Deploy.0 = Debug|ARM
		{9003DA9F-7A21-47C8-A580-B6B709F99AFA}.Debug|ARM64.ActiveCfg = Debug|ARM64
		{9003DA9F-7A21-47C8-A580-B6B709F99AFA}.Debug|ARM64.Build.0 = Debug|ARM64
		{9003DA9F-7A21-47C8-A580-B6B709F99AFA}.Debug|ARM64.Deploy.0 = Debug|ARM64
		{9003DA9F-7A21-47C8-A580-B6B709F99AFA}.Debug|iPhone.ActiveCfg = Debug|x64
		{9003DA9F-7A21-47C8-A580-B6B709F99AFA}.Debug|iPhone.Build.0 = Debug|x64
		{9003DA9F-7A21-47C8-A580-B6B709F99AFA}.Debug|iPhone.Deploy.0 = Debug|x64
		{9003DA9F-7A21-47C8-A580-B6B709F99AFA}.Debug|iPhoneSimulator.ActiveCfg = Debug|x64
		{9003DA9F-7A21-47C8-A580-B6B709F99AFA}.Debug|iPhoneSimulator.Build.0 = Debug|x64
		{9003DA9F-7A21-47C8-A580-B6B709F99AFA}.Debug|iPhoneSimulator.Deploy.0 = Debug|x64
		{9003DA9F-7A21-47C8-A580-B6B709F99AFA}.Debug|x64.ActiveCfg = Debug|x64
		{9003DA9F-7A21-47C8-A580-B6B709F99AFA}.Debug|x64.Build.0 = Debug|x64
		{9003DA9F-7A21-47C8-A580-B6B709F99AFA}.Debug|x64.Deploy.0 = Debug|x64
		{9003DA9F-7A21-47C8-A580-B6B709F99AFA}.Debug|x86.ActiveCfg = Debug|x86
		{9003DA9F-7A21-47C8-A580-B6B709F99AFA}.Debug|x86.Build.0 = Debug|x86
		{9003DA9F-7A21-47C8-A580-B6B709F99AFA}.Debug|x86.Deploy.0 = Debug|x86
		{9003DA9F-7A21-47C8-A580-B6B709F99AFA}.Release|Any CPU.ActiveCfg = Release|x64
		{9003DA9F-7A21-47C8-A580-B6B709F99AFA}.Release|Any CPU.Build.0 = Release|x64
		{9003DA9F-7A21-47C8-A580-B6B709F99AFA}.Release|Any CPU.Deploy.0 = Release|x64
		{9003DA9F-7A21-47C8-A580-B6B709F99AFA}.Release|ARM.ActiveCfg = Release|ARM
		{9003DA9F-7A21-47C8-A580-B6B709F99AFA}.Release|ARM.Build.0 = Release|ARM
		{9003DA9F-7A21-47C8-A580-B6B709F99AFA}.Release|ARM.Deploy.0 = Release|ARM
		{9003DA9F-7A21-47C8-A580-B6B709F99AFA}.Release|ARM64.ActiveCfg = Release|ARM64
		{9003DA9F-7A21-47C8-A580-B6B709F99AFA}.Release|ARM64.Build.0 = Release|ARM64
		{9003DA9F-7A21-47C8-A580-B6B709F99AFA}.Release|ARM64.Deploy.0 = Release|ARM64
		{9003DA9F-7A21-47C8-A580-B6B709F99AFA}.Release|iPhone.ActiveCfg = Release|x64
		{9003DA9F-7A21-47C8-A580-B6B709F99AFA}.Release|iPhone.Build.0 = Release|x64
		{9003DA9F-7A21-47C8-A580-B6B709F99AFA}.Release|iPhone.Deploy.0 = Release|x64
		{9003DA9F-7A21-47C8-A580-B6B709F99AFA}.Release|iPhoneSimulator.ActiveCfg = Release|x64
		{9003DA9F-7A21-47C8-A580-B6B709F99AFA}.Release|iPhoneSimulator.Build.0 = Release|x64
		{9003DA9F-7A21-47C8-A580-B6B709F99AFA}.Release|iPhoneSimulator.Deploy.0 = Release|x64
		{9003DA9F-7A21-47C8-A580-B6B709F99AFA}.Release|x64.ActiveCfg = Release|x64
		{9003DA9F-7A21-47C8-A580-B6B709F99AFA}.Release|x64.Build.0 = Release|x64
		{9003DA9F-7A21-47C8-A580-B6B709F99AFA}.Release|x64.Deploy.0 = Release|x64
		{9003DA9F-7A21-47C8-A580-B6B709F99AFA}.Release|x86.ActiveCfg = Release|x86
		{9003DA9F-7A21-47C8-A580-B6B709F99AFA}.Release|x86.Build.0 = Release|x86
		{9003DA9F-7A21-47C8-A580-B6B709F99AFA}.Release|x86.Deploy.0 = Release|x86
		{B92DFC89-334E-4864-85A8-CF073DB3D637}.Ad-Hoc|Any CPU.ActiveCfg = Debug|Any CPU
		{B92DFC89-334E-4864-85A8-CF073DB3D637}.Ad-Hoc|Any CPU.Build.0 = Debug|Any CPU
		{B92DFC89-334E-4864-85A8-CF073DB3D637}.Ad-Hoc|ARM.ActiveCfg = Debug|Any CPU
		{B92DFC89-334E-4864-85A8-CF073DB3D637}.Ad-Hoc|ARM.Build.0 = Debug|Any CPU
		{B92DFC89-334E-4864-85A8-CF073DB3D637}.Ad-Hoc|ARM64.ActiveCfg = Debug|Any CPU
		{B92DFC89-334E-4864-85A8-CF073DB3D637}.Ad-Hoc|ARM64.Build.0 = Debug|Any CPU
		{B92DFC89-334E-4864-85A8-CF073DB3D637}.Ad-Hoc|iPhone.ActiveCfg = Debug|Any CPU
		{B92DFC89-334E-4864-85A8-CF073DB3D637}.Ad-Hoc|iPhone.Build.0 = Debug|Any CPU
		{B92DFC89-334E-4864-85A8-CF073DB3D637}.Ad-Hoc|iPhoneSimulator.ActiveCfg = Debug|Any CPU
		{B92DFC89-334E-4864-85A8-CF073DB3D637}.Ad-Hoc|iPhoneSimulator.Build.0 = Debug|Any CPU
		{B92DFC89-334E-4864-85A8-CF073DB3D637}.Ad-Hoc|x64.ActiveCfg = Debug|Any CPU
		{B92DFC89-334E-4864-85A8-CF073DB3D637}.Ad-Hoc|x64.Build.0 = Debug|Any CPU
		{B92DFC89-334E-4864-85A8-CF073DB3D637}.Ad-Hoc|x86.ActiveCfg = Debug|Any CPU
		{B92DFC89-334E-4864-85A8-CF073DB3D637}.Ad-Hoc|x86.Build.0 = Debug|Any CPU
		{B92DFC89-334E-4864-85A8-CF073DB3D637}.AppStore|Any CPU.ActiveCfg = Debug|Any CPU
		{B92DFC89-334E-4864-85A8-CF073DB3D637}.AppStore|Any CPU.Build.0 = Debug|Any CPU
		{B92DFC89-334E-4864-85A8-CF073DB3D637}.AppStore|ARM.ActiveCfg = Debug|Any CPU
		{B92DFC89-334E-4864-85A8-CF073DB3D637}.AppStore|ARM.Build.0 = Debug|Any CPU
		{B92DFC89-334E-4864-85A8-CF073DB3D637}.AppStore|ARM64.ActiveCfg = Debug|Any CPU
		{B92DFC89-334E-4864-85A8-CF073DB3D637}.AppStore|ARM64.Build.0 = Debug|Any CPU
		{B92DFC89-334E-4864-85A8-CF073DB3D637}.AppStore|iPhone.ActiveCfg = Debug|Any CPU
		{B92DFC89-334E-4864-85A8-CF073DB3D637}.AppStore|iPhone.Build.0 = Debug|Any CPU
		{B92DFC89-334E-4864-85A8-CF073DB3D637}.AppStore|iPhoneSimulator.ActiveCfg = Debug|Any CPU
		{B92DFC89-334E-4864-85A8-CF073DB3D637}.AppStore|iPhoneSimulator.Build.0 = Debug|Any CPU
		{B92DFC89-334E-4864-85A8-CF073DB3D637}.AppStore|x64.ActiveCfg = Debug|Any CPU
		{B92DFC89-334E-4864-85A8-CF073DB3D637}.AppStore|x64.Build.0 = Debug|Any CPU
		{B92DFC89-334E-4864-85A8-CF073DB3D637}.AppStore|x86.ActiveCfg = Debug|Any CPU
		{B92DFC89-334E-4864-85A8-CF073DB3D637}.AppStore|x86.Build.0 = Debug|Any CPU
		{B92DFC89-334E-4864-85A8-CF073DB3D637}.Debug|Any CPU.ActiveCfg = Debug|Any CPU
		{B92DFC89-334E-4864-85A8-CF073DB3D637}.Debug|Any CPU.Build.0 = Debug|Any CPU
		{B92DFC89-334E-4864-85A8-CF073DB3D637}.Debug|ARM.ActiveCfg = Debug|Any CPU
		{B92DFC89-334E-4864-85A8-CF073DB3D637}.Debug|ARM.Build.0 = Debug|Any CPU
		{B92DFC89-334E-4864-85A8-CF073DB3D637}.Debug|ARM64.ActiveCfg = Debug|Any CPU
		{B92DFC89-334E-4864-85A8-CF073DB3D637}.Debug|ARM64.Build.0 = Debug|Any CPU
		{B92DFC89-334E-4864-85A8-CF073DB3D637}.Debug|iPhone.ActiveCfg = Debug|Any CPU
		{B92DFC89-334E-4864-85A8-CF073DB3D637}.Debug|iPhone.Build.0 = Debug|Any CPU
		{B92DFC89-334E-4864-85A8-CF073DB3D637}.Debug|iPhoneSimulator.ActiveCfg = Debug|Any CPU
		{B92DFC89-334E-4864-85A8-CF073DB3D637}.Debug|iPhoneSimulator.Build.0 = Debug|Any CPU
		{B92DFC89-334E-4864-85A8-CF073DB3D637}.Debug|x64.ActiveCfg = Debug|Any CPU
		{B92DFC89-334E-4864-85A8-CF073DB3D637}.Debug|x64.Build.0 = Debug|Any CPU
		{B92DFC89-334E-4864-85A8-CF073DB3D637}.Debug|x86.ActiveCfg = Debug|Any CPU
		{B92DFC89-334E-4864-85A8-CF073DB3D637}.Debug|x86.Build.0 = Debug|Any CPU
		{B92DFC89-334E-4864-85A8-CF073DB3D637}.Release|Any CPU.ActiveCfg = Release|Any CPU
		{B92DFC89-334E-4864-85A8-CF073DB3D637}.Release|Any CPU.Build.0 = Release|Any CPU
		{B92DFC89-334E-4864-85A8-CF073DB3D637}.Release|ARM.ActiveCfg = Release|Any CPU
		{B92DFC89-334E-4864-85A8-CF073DB3D637}.Release|ARM.Build.0 = Release|Any CPU
		{B92DFC89-334E-4864-85A8-CF073DB3D637}.Release|ARM64.ActiveCfg = Release|Any CPU
		{B92DFC89-334E-4864-85A8-CF073DB3D637}.Release|ARM64.Build.0 = Release|Any CPU
		{B92DFC89-334E-4864-85A8-CF073DB3D637}.Release|iPhone.ActiveCfg = Release|Any CPU
		{B92DFC89-334E-4864-85A8-CF073DB3D637}.Release|iPhone.Build.0 = Release|Any CPU
		{B92DFC89-334E-4864-85A8-CF073DB3D637}.Release|iPhoneSimulator.ActiveCfg = Release|Any CPU
		{B92DFC89-334E-4864-85A8-CF073DB3D637}.Release|iPhoneSimulator.Build.0 = Release|Any CPU
		{B92DFC89-334E-4864-85A8-CF073DB3D637}.Release|x64.ActiveCfg = Release|Any CPU
		{B92DFC89-334E-4864-85A8-CF073DB3D637}.Release|x64.Build.0 = Release|Any CPU
		{B92DFC89-334E-4864-85A8-CF073DB3D637}.Release|x86.ActiveCfg = Release|Any CPU
		{B92DFC89-334E-4864-85A8-CF073DB3D637}.Release|x86.Build.0 = Release|Any CPU
		{BC51E5D4-5436-4E18-B7C9-EE369EDDF480}.Ad-Hoc|Any CPU.ActiveCfg = Debug|iPhoneSimulator
		{BC51E5D4-5436-4E18-B7C9-EE369EDDF480}.Ad-Hoc|Any CPU.Build.0 = Debug|iPhoneSimulator
		{BC51E5D4-5436-4E18-B7C9-EE369EDDF480}.Ad-Hoc|ARM.ActiveCfg = Debug|iPhoneSimulator
		{BC51E5D4-5436-4E18-B7C9-EE369EDDF480}.Ad-Hoc|ARM.Build.0 = Debug|iPhoneSimulator
		{BC51E5D4-5436-4E18-B7C9-EE369EDDF480}.Ad-Hoc|ARM64.ActiveCfg = Debug|iPhoneSimulator
		{BC51E5D4-5436-4E18-B7C9-EE369EDDF480}.Ad-Hoc|ARM64.Build.0 = Debug|iPhoneSimulator
		{BC51E5D4-5436-4E18-B7C9-EE369EDDF480}.Ad-Hoc|iPhone.ActiveCfg = Debug|iPhoneSimulator
		{BC51E5D4-5436-4E18-B7C9-EE369EDDF480}.Ad-Hoc|iPhone.Build.0 = Debug|iPhoneSimulator
		{BC51E5D4-5436-4E18-B7C9-EE369EDDF480}.Ad-Hoc|iPhoneSimulator.ActiveCfg = Debug|iPhoneSimulator
		{BC51E5D4-5436-4E18-B7C9-EE369EDDF480}.Ad-Hoc|iPhoneSimulator.Build.0 = Debug|iPhoneSimulator
		{BC51E5D4-5436-4E18-B7C9-EE369EDDF480}.Ad-Hoc|x64.ActiveCfg = Debug|iPhoneSimulator
		{BC51E5D4-5436-4E18-B7C9-EE369EDDF480}.Ad-Hoc|x64.Build.0 = Debug|iPhoneSimulator
		{BC51E5D4-5436-4E18-B7C9-EE369EDDF480}.Ad-Hoc|x86.ActiveCfg = Debug|iPhoneSimulator
		{BC51E5D4-5436-4E18-B7C9-EE369EDDF480}.Ad-Hoc|x86.Build.0 = Debug|iPhoneSimulator
		{BC51E5D4-5436-4E18-B7C9-EE369EDDF480}.AppStore|Any CPU.ActiveCfg = Debug|iPhoneSimulator
		{BC51E5D4-5436-4E18-B7C9-EE369EDDF480}.AppStore|Any CPU.Build.0 = Debug|iPhoneSimulator
		{BC51E5D4-5436-4E18-B7C9-EE369EDDF480}.AppStore|ARM.ActiveCfg = Debug|iPhoneSimulator
		{BC51E5D4-5436-4E18-B7C9-EE369EDDF480}.AppStore|ARM.Build.0 = Debug|iPhoneSimulator
		{BC51E5D4-5436-4E18-B7C9-EE369EDDF480}.AppStore|ARM64.ActiveCfg = Debug|iPhoneSimulator
		{BC51E5D4-5436-4E18-B7C9-EE369EDDF480}.AppStore|ARM64.Build.0 = Debug|iPhoneSimulator
		{BC51E5D4-5436-4E18-B7C9-EE369EDDF480}.AppStore|iPhone.ActiveCfg = Debug|iPhoneSimulator
		{BC51E5D4-5436-4E18-B7C9-EE369EDDF480}.AppStore|iPhone.Build.0 = Debug|iPhoneSimulator
		{BC51E5D4-5436-4E18-B7C9-EE369EDDF480}.AppStore|iPhoneSimulator.ActiveCfg = Debug|iPhoneSimulator
		{BC51E5D4-5436-4E18-B7C9-EE369EDDF480}.AppStore|iPhoneSimulator.Build.0 = Debug|iPhoneSimulator
		{BC51E5D4-5436-4E18-B7C9-EE369EDDF480}.AppStore|x64.ActiveCfg = Debug|iPhoneSimulator
		{BC51E5D4-5436-4E18-B7C9-EE369EDDF480}.AppStore|x64.Build.0 = Debug|iPhoneSimulator
		{BC51E5D4-5436-4E18-B7C9-EE369EDDF480}.AppStore|x86.ActiveCfg = Debug|iPhoneSimulator
		{BC51E5D4-5436-4E18-B7C9-EE369EDDF480}.AppStore|x86.Build.0 = Debug|iPhoneSimulator
		{BC51E5D4-5436-4E18-B7C9-EE369EDDF480}.Debug|Any CPU.ActiveCfg = Debug|iPhoneSimulator
		{BC51E5D4-5436-4E18-B7C9-EE369EDDF480}.Debug|Any CPU.Build.0 = Debug|iPhoneSimulator
		{BC51E5D4-5436-4E18-B7C9-EE369EDDF480}.Debug|ARM.ActiveCfg = Debug|iPhoneSimulator
		{BC51E5D4-5436-4E18-B7C9-EE369EDDF480}.Debug|ARM.Build.0 = Debug|iPhoneSimulator
		{BC51E5D4-5436-4E18-B7C9-EE369EDDF480}.Debug|ARM64.ActiveCfg = Debug|iPhoneSimulator
		{BC51E5D4-5436-4E18-B7C9-EE369EDDF480}.Debug|ARM64.Build.0 = Debug|iPhoneSimulator
		{BC51E5D4-5436-4E18-B7C9-EE369EDDF480}.Debug|iPhone.ActiveCfg = Debug|iPhoneSimulator
		{BC51E5D4-5436-4E18-B7C9-EE369EDDF480}.Debug|iPhone.Build.0 = Debug|iPhoneSimulator
		{BC51E5D4-5436-4E18-B7C9-EE369EDDF480}.Debug|iPhoneSimulator.ActiveCfg = Debug|iPhoneSimulator
		{BC51E5D4-5436-4E18-B7C9-EE369EDDF480}.Debug|iPhoneSimulator.Build.0 = Debug|iPhoneSimulator
		{BC51E5D4-5436-4E18-B7C9-EE369EDDF480}.Debug|x64.ActiveCfg = Debug|iPhoneSimulator
		{BC51E5D4-5436-4E18-B7C9-EE369EDDF480}.Debug|x64.Build.0 = Debug|iPhoneSimulator
		{BC51E5D4-5436-4E18-B7C9-EE369EDDF480}.Debug|x86.ActiveCfg = Debug|iPhoneSimulator
		{BC51E5D4-5436-4E18-B7C9-EE369EDDF480}.Debug|x86.Build.0 = Debug|iPhoneSimulator
		{BC51E5D4-5436-4E18-B7C9-EE369EDDF480}.Release|Any CPU.ActiveCfg = Release|iPhoneSimulator
		{BC51E5D4-5436-4E18-B7C9-EE369EDDF480}.Release|Any CPU.Build.0 = Release|iPhoneSimulator
		{BC51E5D4-5436-4E18-B7C9-EE369EDDF480}.Release|ARM.ActiveCfg = Release|iPhoneSimulator
		{BC51E5D4-5436-4E18-B7C9-EE369EDDF480}.Release|ARM.Build.0 = Release|iPhoneSimulator
		{BC51E5D4-5436-4E18-B7C9-EE369EDDF480}.Release|ARM64.ActiveCfg = Release|iPhoneSimulator
		{BC51E5D4-5436-4E18-B7C9-EE369EDDF480}.Release|ARM64.Build.0 = Release|iPhoneSimulator
		{BC51E5D4-5436-4E18-B7C9-EE369EDDF480}.Release|iPhone.ActiveCfg = Release|iPhoneSimulator
		{BC51E5D4-5436-4E18-B7C9-EE369EDDF480}.Release|iPhone.Build.0 = Release|iPhoneSimulator
		{BC51E5D4-5436-4E18-B7C9-EE369EDDF480}.Release|iPhoneSimulator.ActiveCfg = Release|iPhoneSimulator
		{BC51E5D4-5436-4E18-B7C9-EE369EDDF480}.Release|iPhoneSimulator.Build.0 = Release|iPhoneSimulator
		{BC51E5D4-5436-4E18-B7C9-EE369EDDF480}.Release|x64.ActiveCfg = Release|iPhoneSimulator
		{BC51E5D4-5436-4E18-B7C9-EE369EDDF480}.Release|x64.Build.0 = Release|iPhoneSimulator
		{BC51E5D4-5436-4E18-B7C9-EE369EDDF480}.Release|x86.ActiveCfg = Release|iPhoneSimulator
		{BC51E5D4-5436-4E18-B7C9-EE369EDDF480}.Release|x86.Build.0 = Release|iPhoneSimulator
		{F3FEF7B1-0AD0-441B-92E4-0EB9320C41BA}.Ad-Hoc|Any CPU.ActiveCfg = Debug|Any CPU
		{F3FEF7B1-0AD0-441B-92E4-0EB9320C41BA}.Ad-Hoc|Any CPU.Build.0 = Debug|Any CPU
		{F3FEF7B1-0AD0-441B-92E4-0EB9320C41BA}.Ad-Hoc|ARM.ActiveCfg = Debug|Any CPU
		{F3FEF7B1-0AD0-441B-92E4-0EB9320C41BA}.Ad-Hoc|ARM.Build.0 = Debug|Any CPU
		{F3FEF7B1-0AD0-441B-92E4-0EB9320C41BA}.Ad-Hoc|ARM64.ActiveCfg = Debug|Any CPU
		{F3FEF7B1-0AD0-441B-92E4-0EB9320C41BA}.Ad-Hoc|ARM64.Build.0 = Debug|Any CPU
		{F3FEF7B1-0AD0-441B-92E4-0EB9320C41BA}.Ad-Hoc|iPhone.ActiveCfg = Debug|Any CPU
		{F3FEF7B1-0AD0-441B-92E4-0EB9320C41BA}.Ad-Hoc|iPhone.Build.0 = Debug|Any CPU
		{F3FEF7B1-0AD0-441B-92E4-0EB9320C41BA}.Ad-Hoc|iPhoneSimulator.ActiveCfg = Debug|Any CPU
		{F3FEF7B1-0AD0-441B-92E4-0EB9320C41BA}.Ad-Hoc|iPhoneSimulator.Build.0 = Debug|Any CPU
		{F3FEF7B1-0AD0-441B-92E4-0EB9320C41BA}.Ad-Hoc|x64.ActiveCfg = Debug|Any CPU
		{F3FEF7B1-0AD0-441B-92E4-0EB9320C41BA}.Ad-Hoc|x64.Build.0 = Debug|Any CPU
		{F3FEF7B1-0AD0-441B-92E4-0EB9320C41BA}.Ad-Hoc|x86.ActiveCfg = Debug|Any CPU
		{F3FEF7B1-0AD0-441B-92E4-0EB9320C41BA}.Ad-Hoc|x86.Build.0 = Debug|Any CPU
		{F3FEF7B1-0AD0-441B-92E4-0EB9320C41BA}.AppStore|Any CPU.ActiveCfg = Debug|Any CPU
		{F3FEF7B1-0AD0-441B-92E4-0EB9320C41BA}.AppStore|Any CPU.Build.0 = Debug|Any CPU
		{F3FEF7B1-0AD0-441B-92E4-0EB9320C41BA}.AppStore|ARM.ActiveCfg = Debug|Any CPU
		{F3FEF7B1-0AD0-441B-92E4-0EB9320C41BA}.AppStore|ARM.Build.0 = Debug|Any CPU
		{F3FEF7B1-0AD0-441B-92E4-0EB9320C41BA}.AppStore|ARM64.ActiveCfg = Debug|Any CPU
		{F3FEF7B1-0AD0-441B-92E4-0EB9320C41BA}.AppStore|ARM64.Build.0 = Debug|Any CPU
		{F3FEF7B1-0AD0-441B-92E4-0EB9320C41BA}.AppStore|iPhone.ActiveCfg = Debug|Any CPU
		{F3FEF7B1-0AD0-441B-92E4-0EB9320C41BA}.AppStore|iPhone.Build.0 = Debug|Any CPU
		{F3FEF7B1-0AD0-441B-92E4-0EB9320C41BA}.AppStore|iPhoneSimulator.ActiveCfg = Debug|Any CPU
		{F3FEF7B1-0AD0-441B-92E4-0EB9320C41BA}.AppStore|iPhoneSimulator.Build.0 = Debug|Any CPU
		{F3FEF7B1-0AD0-441B-92E4-0EB9320C41BA}.AppStore|x64.ActiveCfg = Debug|Any CPU
		{F3FEF7B1-0AD0-441B-92E4-0EB9320C41BA}.AppStore|x64.Build.0 = Debug|Any CPU
		{F3FEF7B1-0AD0-441B-92E4-0EB9320C41BA}.AppStore|x86.ActiveCfg = Debug|Any CPU
		{F3FEF7B1-0AD0-441B-92E4-0EB9320C41BA}.AppStore|x86.Build.0 = Debug|Any CPU
		{F3FEF7B1-0AD0-441B-92E4-0EB9320C41BA}.Debug|Any CPU.ActiveCfg = Debug|Any CPU
		{F3FEF7B1-0AD0-441B-92E4-0EB9320C41BA}.Debug|Any CPU.Build.0 = Debug|Any CPU
		{F3FEF7B1-0AD0-441B-92E4-0EB9320C41BA}.Debug|ARM.ActiveCfg = Debug|Any CPU
		{F3FEF7B1-0AD0-441B-92E4-0EB9320C41BA}.Debug|ARM.Build.0 = Debug|Any CPU
		{F3FEF7B1-0AD0-441B-92E4-0EB9320C41BA}.Debug|ARM64.ActiveCfg = Debug|Any CPU
		{F3FEF7B1-0AD0-441B-92E4-0EB9320C41BA}.Debug|ARM64.Build.0 = Debug|Any CPU
		{F3FEF7B1-0AD0-441B-92E4-0EB9320C41BA}.Debug|iPhone.ActiveCfg = Debug|Any CPU
		{F3FEF7B1-0AD0-441B-92E4-0EB9320C41BA}.Debug|iPhone.Build.0 = Debug|Any CPU
		{F3FEF7B1-0AD0-441B-92E4-0EB9320C41BA}.Debug|iPhoneSimulator.ActiveCfg = Debug|Any CPU
		{F3FEF7B1-0AD0-441B-92E4-0EB9320C41BA}.Debug|iPhoneSimulator.Build.0 = Debug|Any CPU
		{F3FEF7B1-0AD0-441B-92E4-0EB9320C41BA}.Debug|x64.ActiveCfg = Debug|Any CPU
		{F3FEF7B1-0AD0-441B-92E4-0EB9320C41BA}.Debug|x64.Build.0 = Debug|Any CPU
		{F3FEF7B1-0AD0-441B-92E4-0EB9320C41BA}.Debug|x86.ActiveCfg = Debug|Any CPU
		{F3FEF7B1-0AD0-441B-92E4-0EB9320C41BA}.Debug|x86.Build.0 = Debug|Any CPU
		{F3FEF7B1-0AD0-441B-92E4-0EB9320C41BA}.Release|Any CPU.ActiveCfg = Release|Any CPU
		{F3FEF7B1-0AD0-441B-92E4-0EB9320C41BA}.Release|Any CPU.Build.0 = Release|Any CPU
		{F3FEF7B1-0AD0-441B-92E4-0EB9320C41BA}.Release|ARM.ActiveCfg = Release|Any CPU
		{F3FEF7B1-0AD0-441B-92E4-0EB9320C41BA}.Release|ARM.Build.0 = Release|Any CPU
		{F3FEF7B1-0AD0-441B-92E4-0EB9320C41BA}.Release|ARM64.ActiveCfg = Release|Any CPU
		{F3FEF7B1-0AD0-441B-92E4-0EB9320C41BA}.Release|ARM64.Build.0 = Release|Any CPU
		{F3FEF7B1-0AD0-441B-92E4-0EB9320C41BA}.Release|iPhone.ActiveCfg = Release|Any CPU
		{F3FEF7B1-0AD0-441B-92E4-0EB9320C41BA}.Release|iPhone.Build.0 = Release|Any CPU
		{F3FEF7B1-0AD0-441B-92E4-0EB9320C41BA}.Release|iPhoneSimulator.ActiveCfg = Release|Any CPU
		{F3FEF7B1-0AD0-441B-92E4-0EB9320C41BA}.Release|iPhoneSimulator.Build.0 = Release|Any CPU
		{F3FEF7B1-0AD0-441B-92E4-0EB9320C41BA}.Release|x64.ActiveCfg = Release|Any CPU
		{F3FEF7B1-0AD0-441B-92E4-0EB9320C41BA}.Release|x64.Build.0 = Release|Any CPU
		{F3FEF7B1-0AD0-441B-92E4-0EB9320C41BA}.Release|x86.ActiveCfg = Release|Any CPU
		{F3FEF7B1-0AD0-441B-92E4-0EB9320C41BA}.Release|x86.Build.0 = Release|Any CPU
		{7DBDFE07-C54C-4FD3-84A3-26469A49540D}.Ad-Hoc|Any CPU.ActiveCfg = Debug|Any CPU
		{7DBDFE07-C54C-4FD3-84A3-26469A49540D}.Ad-Hoc|Any CPU.Build.0 = Debug|Any CPU
		{7DBDFE07-C54C-4FD3-84A3-26469A49540D}.Ad-Hoc|ARM.ActiveCfg = Debug|Any CPU
		{7DBDFE07-C54C-4FD3-84A3-26469A49540D}.Ad-Hoc|ARM.Build.0 = Debug|Any CPU
		{7DBDFE07-C54C-4FD3-84A3-26469A49540D}.Ad-Hoc|ARM64.ActiveCfg = Debug|Any CPU
		{7DBDFE07-C54C-4FD3-84A3-26469A49540D}.Ad-Hoc|ARM64.Build.0 = Debug|Any CPU
		{7DBDFE07-C54C-4FD3-84A3-26469A49540D}.Ad-Hoc|iPhone.ActiveCfg = Debug|Any CPU
		{7DBDFE07-C54C-4FD3-84A3-26469A49540D}.Ad-Hoc|iPhone.Build.0 = Debug|Any CPU
		{7DBDFE07-C54C-4FD3-84A3-26469A49540D}.Ad-Hoc|iPhoneSimulator.ActiveCfg = Debug|Any CPU
		{7DBDFE07-C54C-4FD3-84A3-26469A49540D}.Ad-Hoc|iPhoneSimulator.Build.0 = Debug|Any CPU
		{7DBDFE07-C54C-4FD3-84A3-26469A49540D}.Ad-Hoc|x64.ActiveCfg = Debug|Any CPU
		{7DBDFE07-C54C-4FD3-84A3-26469A49540D}.Ad-Hoc|x64.Build.0 = Debug|Any CPU
		{7DBDFE07-C54C-4FD3-84A3-26469A49540D}.Ad-Hoc|x86.ActiveCfg = Debug|Any CPU
		{7DBDFE07-C54C-4FD3-84A3-26469A49540D}.Ad-Hoc|x86.Build.0 = Debug|Any CPU
		{7DBDFE07-C54C-4FD3-84A3-26469A49540D}.AppStore|Any CPU.ActiveCfg = Debug|Any CPU
		{7DBDFE07-C54C-4FD3-84A3-26469A49540D}.AppStore|Any CPU.Build.0 = Debug|Any CPU
		{7DBDFE07-C54C-4FD3-84A3-26469A49540D}.AppStore|ARM.ActiveCfg = Debug|Any CPU
		{7DBDFE07-C54C-4FD3-84A3-26469A49540D}.AppStore|ARM.Build.0 = Debug|Any CPU
		{7DBDFE07-C54C-4FD3-84A3-26469A49540D}.AppStore|ARM64.ActiveCfg = Debug|Any CPU
		{7DBDFE07-C54C-4FD3-84A3-26469A49540D}.AppStore|ARM64.Build.0 = Debug|Any CPU
		{7DBDFE07-C54C-4FD3-84A3-26469A49540D}.AppStore|iPhone.ActiveCfg = Debug|Any CPU
		{7DBDFE07-C54C-4FD3-84A3-26469A49540D}.AppStore|iPhone.Build.0 = Debug|Any CPU
		{7DBDFE07-C54C-4FD3-84A3-26469A49540D}.AppStore|iPhoneSimulator.ActiveCfg = Debug|Any CPU
		{7DBDFE07-C54C-4FD3-84A3-26469A49540D}.AppStore|iPhoneSimulator.Build.0 = Debug|Any CPU
		{7DBDFE07-C54C-4FD3-84A3-26469A49540D}.AppStore|x64.ActiveCfg = Debug|Any CPU
		{7DBDFE07-C54C-4FD3-84A3-26469A49540D}.AppStore|x64.Build.0 = Debug|Any CPU
		{7DBDFE07-C54C-4FD3-84A3-26469A49540D}.AppStore|x86.ActiveCfg = Debug|Any CPU
		{7DBDFE07-C54C-4FD3-84A3-26469A49540D}.AppStore|x86.Build.0 = Debug|Any CPU
		{7DBDFE07-C54C-4FD3-84A3-26469A49540D}.Debug|Any CPU.ActiveCfg = Debug|Any CPU
		{7DBDFE07-C54C-4FD3-84A3-26469A49540D}.Debug|Any CPU.Build.0 = Debug|Any CPU
		{7DBDFE07-C54C-4FD3-84A3-26469A49540D}.Debug|ARM.ActiveCfg = Debug|Any CPU
		{7DBDFE07-C54C-4FD3-84A3-26469A49540D}.Debug|ARM.Build.0 = Debug|Any CPU
		{7DBDFE07-C54C-4FD3-84A3-26469A49540D}.Debug|ARM64.ActiveCfg = Debug|Any CPU
		{7DBDFE07-C54C-4FD3-84A3-26469A49540D}.Debug|ARM64.Build.0 = Debug|Any CPU
		{7DBDFE07-C54C-4FD3-84A3-26469A49540D}.Debug|iPhone.ActiveCfg = Debug|Any CPU
		{7DBDFE07-C54C-4FD3-84A3-26469A49540D}.Debug|iPhone.Build.0 = Debug|Any CPU
		{7DBDFE07-C54C-4FD3-84A3-26469A49540D}.Debug|iPhoneSimulator.ActiveCfg = Debug|Any CPU
		{7DBDFE07-C54C-4FD3-84A3-26469A49540D}.Debug|iPhoneSimulator.Build.0 = Debug|Any CPU
		{7DBDFE07-C54C-4FD3-84A3-26469A49540D}.Debug|x64.ActiveCfg = Debug|Any CPU
		{7DBDFE07-C54C-4FD3-84A3-26469A49540D}.Debug|x64.Build.0 = Debug|Any CPU
		{7DBDFE07-C54C-4FD3-84A3-26469A49540D}.Debug|x86.ActiveCfg = Debug|Any CPU
		{7DBDFE07-C54C-4FD3-84A3-26469A49540D}.Debug|x86.Build.0 = Debug|Any CPU
		{7DBDFE07-C54C-4FD3-84A3-26469A49540D}.Release|Any CPU.ActiveCfg = Release|Any CPU
		{7DBDFE07-C54C-4FD3-84A3-26469A49540D}.Release|Any CPU.Build.0 = Release|Any CPU
		{7DBDFE07-C54C-4FD3-84A3-26469A49540D}.Release|ARM.ActiveCfg = Release|Any CPU
		{7DBDFE07-C54C-4FD3-84A3-26469A49540D}.Release|ARM.Build.0 = Release|Any CPU
		{7DBDFE07-C54C-4FD3-84A3-26469A49540D}.Release|ARM64.ActiveCfg = Release|Any CPU
		{7DBDFE07-C54C-4FD3-84A3-26469A49540D}.Release|ARM64.Build.0 = Release|Any CPU
		{7DBDFE07-C54C-4FD3-84A3-26469A49540D}.Release|iPhone.ActiveCfg = Release|Any CPU
		{7DBDFE07-C54C-4FD3-84A3-26469A49540D}.Release|iPhone.Build.0 = Release|Any CPU
		{7DBDFE07-C54C-4FD3-84A3-26469A49540D}.Release|iPhoneSimulator.ActiveCfg = Release|Any CPU
		{7DBDFE07-C54C-4FD3-84A3-26469A49540D}.Release|iPhoneSimulator.Build.0 = Release|Any CPU
		{7DBDFE07-C54C-4FD3-84A3-26469A49540D}.Release|x64.ActiveCfg = Release|Any CPU
		{7DBDFE07-C54C-4FD3-84A3-26469A49540D}.Release|x64.Build.0 = Release|Any CPU
		{7DBDFE07-C54C-4FD3-84A3-26469A49540D}.Release|x86.ActiveCfg = Release|Any CPU
		{7DBDFE07-C54C-4FD3-84A3-26469A49540D}.Release|x86.Build.0 = Release|Any CPU
		{6D211675-8D55-4A54-A318-6784711BDF1C}.Ad-Hoc|Any CPU.ActiveCfg = Debug|Any CPU
		{6D211675-8D55-4A54-A318-6784711BDF1C}.Ad-Hoc|Any CPU.Build.0 = Debug|Any CPU
		{6D211675-8D55-4A54-A318-6784711BDF1C}.Ad-Hoc|ARM.ActiveCfg = Debug|Any CPU
		{6D211675-8D55-4A54-A318-6784711BDF1C}.Ad-Hoc|ARM.Build.0 = Debug|Any CPU
		{6D211675-8D55-4A54-A318-6784711BDF1C}.Ad-Hoc|ARM64.ActiveCfg = Debug|Any CPU
		{6D211675-8D55-4A54-A318-6784711BDF1C}.Ad-Hoc|ARM64.Build.0 = Debug|Any CPU
		{6D211675-8D55-4A54-A318-6784711BDF1C}.Ad-Hoc|iPhone.ActiveCfg = Debug|Any CPU
		{6D211675-8D55-4A54-A318-6784711BDF1C}.Ad-Hoc|iPhone.Build.0 = Debug|Any CPU
		{6D211675-8D55-4A54-A318-6784711BDF1C}.Ad-Hoc|iPhoneSimulator.ActiveCfg = Debug|Any CPU
		{6D211675-8D55-4A54-A318-6784711BDF1C}.Ad-Hoc|iPhoneSimulator.Build.0 = Debug|Any CPU
		{6D211675-8D55-4A54-A318-6784711BDF1C}.Ad-Hoc|x64.ActiveCfg = Debug|Any CPU
		{6D211675-8D55-4A54-A318-6784711BDF1C}.Ad-Hoc|x64.Build.0 = Debug|Any CPU
		{6D211675-8D55-4A54-A318-6784711BDF1C}.Ad-Hoc|x86.ActiveCfg = Debug|Any CPU
		{6D211675-8D55-4A54-A318-6784711BDF1C}.Ad-Hoc|x86.Build.0 = Debug|Any CPU
		{6D211675-8D55-4A54-A318-6784711BDF1C}.AppStore|Any CPU.ActiveCfg = Debug|Any CPU
		{6D211675-8D55-4A54-A318-6784711BDF1C}.AppStore|Any CPU.Build.0 = Debug|Any CPU
		{6D211675-8D55-4A54-A318-6784711BDF1C}.AppStore|ARM.ActiveCfg = Debug|Any CPU
		{6D211675-8D55-4A54-A318-6784711BDF1C}.AppStore|ARM.Build.0 = Debug|Any CPU
		{6D211675-8D55-4A54-A318-6784711BDF1C}.AppStore|ARM64.ActiveCfg = Debug|Any CPU
		{6D211675-8D55-4A54-A318-6784711BDF1C}.AppStore|ARM64.Build.0 = Debug|Any CPU
		{6D211675-8D55-4A54-A318-6784711BDF1C}.AppStore|iPhone.ActiveCfg = Debug|Any CPU
		{6D211675-8D55-4A54-A318-6784711BDF1C}.AppStore|iPhone.Build.0 = Debug|Any CPU
		{6D211675-8D55-4A54-A318-6784711BDF1C}.AppStore|iPhoneSimulator.ActiveCfg = Debug|Any CPU
		{6D211675-8D55-4A54-A318-6784711BDF1C}.AppStore|iPhoneSimulator.Build.0 = Debug|Any CPU
		{6D211675-8D55-4A54-A318-6784711BDF1C}.AppStore|x64.ActiveCfg = Debug|Any CPU
		{6D211675-8D55-4A54-A318-6784711BDF1C}.AppStore|x64.Build.0 = Debug|Any CPU
		{6D211675-8D55-4A54-A318-6784711BDF1C}.AppStore|x86.ActiveCfg = Debug|Any CPU
		{6D211675-8D55-4A54-A318-6784711BDF1C}.AppStore|x86.Build.0 = Debug|Any CPU
		{6D211675-8D55-4A54-A318-6784711BDF1C}.Debug|Any CPU.ActiveCfg = Debug|Any CPU
		{6D211675-8D55-4A54-A318-6784711BDF1C}.Debug|Any CPU.Build.0 = Debug|Any CPU
		{6D211675-8D55-4A54-A318-6784711BDF1C}.Debug|ARM.ActiveCfg = Debug|Any CPU
		{6D211675-8D55-4A54-A318-6784711BDF1C}.Debug|ARM.Build.0 = Debug|Any CPU
		{6D211675-8D55-4A54-A318-6784711BDF1C}.Debug|ARM64.ActiveCfg = Debug|Any CPU
		{6D211675-8D55-4A54-A318-6784711BDF1C}.Debug|ARM64.Build.0 = Debug|Any CPU
		{6D211675-8D55-4A54-A318-6784711BDF1C}.Debug|iPhone.ActiveCfg = Debug|Any CPU
		{6D211675-8D55-4A54-A318-6784711BDF1C}.Debug|iPhone.Build.0 = Debug|Any CPU
		{6D211675-8D55-4A54-A318-6784711BDF1C}.Debug|iPhoneSimulator.ActiveCfg = Debug|Any CPU
		{6D211675-8D55-4A54-A318-6784711BDF1C}.Debug|iPhoneSimulator.Build.0 = Debug|Any CPU
		{6D211675-8D55-4A54-A318-6784711BDF1C}.Debug|x64.ActiveCfg = Debug|Any CPU
		{6D211675-8D55-4A54-A318-6784711BDF1C}.Debug|x64.Build.0 = Debug|Any CPU
		{6D211675-8D55-4A54-A318-6784711BDF1C}.Debug|x86.ActiveCfg = Debug|Any CPU
		{6D211675-8D55-4A54-A318-6784711BDF1C}.Debug|x86.Build.0 = Debug|Any CPU
		{6D211675-8D55-4A54-A318-6784711BDF1C}.Release|Any CPU.ActiveCfg = Release|Any CPU
		{6D211675-8D55-4A54-A318-6784711BDF1C}.Release|Any CPU.Build.0 = Release|Any CPU
		{6D211675-8D55-4A54-A318-6784711BDF1C}.Release|ARM.ActiveCfg = Release|Any CPU
		{6D211675-8D55-4A54-A318-6784711BDF1C}.Release|ARM.Build.0 = Release|Any CPU
		{6D211675-8D55-4A54-A318-6784711BDF1C}.Release|ARM64.ActiveCfg = Release|Any CPU
		{6D211675-8D55-4A54-A318-6784711BDF1C}.Release|ARM64.Build.0 = Release|Any CPU
		{6D211675-8D55-4A54-A318-6784711BDF1C}.Release|iPhone.ActiveCfg = Release|Any CPU
		{6D211675-8D55-4A54-A318-6784711BDF1C}.Release|iPhone.Build.0 = Release|Any CPU
		{6D211675-8D55-4A54-A318-6784711BDF1C}.Release|iPhoneSimulator.ActiveCfg = Release|Any CPU
		{6D211675-8D55-4A54-A318-6784711BDF1C}.Release|iPhoneSimulator.Build.0 = Release|Any CPU
		{6D211675-8D55-4A54-A318-6784711BDF1C}.Release|x64.ActiveCfg = Release|Any CPU
		{6D211675-8D55-4A54-A318-6784711BDF1C}.Release|x64.Build.0 = Release|Any CPU
		{6D211675-8D55-4A54-A318-6784711BDF1C}.Release|x86.ActiveCfg = Release|Any CPU
		{6D211675-8D55-4A54-A318-6784711BDF1C}.Release|x86.Build.0 = Release|Any CPU
	EndGlobalSection
	GlobalSection(SolutionProperties) = preSolution
		HideSolutionNode = FALSE
	EndGlobalSection
	GlobalSection(NestedProjects) = preSolution
		{2BDE12E5-712E-4EE4-AB34-2677655B52FB} = {D57E4318-D9B1-4C25-997C-0DC9B19E1D70}
		{386EBFA5-5AB8-4806-9871-23842DCE38A1} = {D57E4318-D9B1-4C25-997C-0DC9B19E1D70}
		{9003DA9F-7A21-47C8-A580-B6B709F99AFA} = {D57E4318-D9B1-4C25-997C-0DC9B19E1D70}
		{B92DFC89-334E-4864-85A8-CF073DB3D637} = {D57E4318-D9B1-4C25-997C-0DC9B19E1D70}
		{BC51E5D4-5436-4E18-B7C9-EE369EDDF480} = {D57E4318-D9B1-4C25-997C-0DC9B19E1D70}
		{F3FEF7B1-0AD0-441B-92E4-0EB9320C41BA} = {D57E4318-D9B1-4C25-997C-0DC9B19E1D70}
		{7DBDFE07-C54C-4FD3-84A3-26469A49540D} = {D57E4318-D9B1-4C25-997C-0DC9B19E1D70}
		{6D211675-8D55-4A54-A318-6784711BDF1C} = {D57E4318-D9B1-4C25-997C-0DC9B19E1D70}
	EndGlobalSection
	GlobalSection(ExtensibilityGlobals) = postSolution
		SolutionGuid = {C6C6854A-B6D3-43FF-AE91-FCE9054EE062}
	EndGlobalSection
	GlobalSection(SharedMSBuildProjectFiles) = preSolution
		Uno_App_Xam_UWP00\Uno_App_Xam_UWP00.Shared\Uno_App_Xam_UWP00.Shared.projitems*{2bde12e5-712e-4ee4-ab34-2677655b52fb}*SharedItemsImports = 4
		Uno_App_Xam_UWP00\Uno_App_Xam_UWP00.Shared\Uno_App_Xam_UWP00.Shared.projitems*{386ebfa5-5ab8-4806-9871-23842dce38a1}*SharedItemsImports = 4
		Uno_App_Xam_UWP00\Uno_App_Xam_UWP00.Shared\Uno_App_Xam_UWP00.Shared.projitems*{6279c845-92f8-4333-ab99-3d213163593c}*SharedItemsImports = 13
		Uno_App_Xam_UWP00\Uno_App_Xam_UWP00.Shared\Uno_App_Xam_UWP00.Shared.projitems*{6d211675-8d55-4a54-a318-6784711bdf1c}*SharedItemsImports = 5
		Uno_App_Xam_UWP00\Uno_App_Xam_UWP00.Shared\Uno_App_Xam_UWP00.Shared.projitems*{7dbdfe07-c54c-4fd3-84a3-26469a49540d}*SharedItemsImports = 5
		Uno_App_Xam_UWP00\Uno_App_Xam_UWP00.Shared\Uno_App_Xam_UWP00.Shared.projitems*{9003da9f-7a21-47c8-a580-b6b709f99afa}*SharedItemsImports = 4
		Uno_App_Xam_UWP00\Uno_App_Xam_UWP00.Shared\Uno_App_Xam_UWP00.Shared.projitems*{b92dfc89-334e-4864-85a8-cf073db3d637}*SharedItemsImports = 5
		Uno_App_Xam_UWP00\Uno_App_Xam_UWP00.Shared\Uno_App_Xam_UWP00.Shared.projitems*{bc51e5d4-5436-4e18-b7c9-ee369eddf480}*SharedItemsImports = 4
	EndGlobalSection
EndGlobal
